// !$*UTF8*$!
{
	archiveVersion = 1;
	classes = {
	};
	objectVersion = 55;
	objects = {

/* Begin PBXBuildFile section */
		AAADCCF627E7A58E0077CB34 /* AppDelegate.swift in Sources */ = {isa = PBXBuildFile; fileRef = AAADCCF527E7A58E0077CB34 /* AppDelegate.swift */; };
		AAADCCF827E7A58E0077CB34 /* SceneDelegate.swift in Sources */ = {isa = PBXBuildFile; fileRef = AAADCCF727E7A58E0077CB34 /* SceneDelegate.swift */; };
		AAADCCFA27E7A58E0077CB34 /* ViewController.swift in Sources */ = {isa = PBXBuildFile; fileRef = AAADCCF927E7A58E0077CB34 /* ViewController.swift */; };
		AAADCD0027E7A58E0077CB34 /* Music2.xcdatamodeld in Sources */ = {isa = PBXBuildFile; fileRef = AAADCCFE27E7A58E0077CB34 /* Music2.xcdatamodeld */; };
		AAADCD0227E7A5910077CB34 /* Assets.xcassets in Resources */ = {isa = PBXBuildFile; fileRef = AAADCD0127E7A5910077CB34 /* Assets.xcassets */; };
		AAADCD0527E7A5910077CB34 /* LaunchScreen.storyboard in Resources */ = {isa = PBXBuildFile; fileRef = AAADCD0327E7A5910077CB34 /* LaunchScreen.storyboard */; };
		AAADCD1027E7A5910077CB34 /* Music2Tests.swift in Sources */ = {isa = PBXBuildFile; fileRef = AAADCD0F27E7A5910077CB34 /* Music2Tests.swift */; };
		AAADCD1A27E7A5920077CB34 /* Music2UITests.swift in Sources */ = {isa = PBXBuildFile; fileRef = AAADCD1927E7A5920077CB34 /* Music2UITests.swift */; };
		AAADCD1C27E7A5920077CB34 /* Music2UITestsLaunchTests.swift in Sources */ = {isa = PBXBuildFile; fileRef = AAADCD1B27E7A5920077CB34 /* Music2UITestsLaunchTests.swift */; };
		AAADCD3A27E7ACA30077CB34 /* Main.storyboard in Resources */ = {isa = PBXBuildFile; fileRef = AAADCD3927E7ACA30077CB34 /* Main.storyboard */; };
/* End PBXBuildFile section */

/* Begin PBXContainerItemProxy section */
		AAADCD0C27E7A5910077CB34 /* PBXContainerItemProxy */ = {
			isa = PBXContainerItemProxy;
			containerPortal = AAADCCEA27E7A58E0077CB34 /* Project object */;
			proxyType = 1;
			remoteGlobalIDString = AAADCCF127E7A58E0077CB34;
			remoteInfo = Music2;
		};
		AAADCD1627E7A5920077CB34 /* PBXContainerItemProxy */ = {
			isa = PBXContainerItemProxy;
			containerPortal = AAADCCEA27E7A58E0077CB34 /* Project object */;
			proxyType = 1;
			remoteGlobalIDString = AAADCCF127E7A58E0077CB34;
			remoteInfo = Music2;
		};
/* End PBXContainerItemProxy section */

/* Begin PBXFileReference section */
		AAADCCF227E7A58E0077CB34 /* Music2.app */ = {isa = PBXFileReference; explicitFileType = wrapper.application; includeInIndex = 0; path = Music2.app; sourceTree = BUILT_PRODUCTS_DIR; };
		AAADCCF527E7A58E0077CB34 /* AppDelegate.swift */ = {isa = PBXFileReference; lastKnownFileType = sourcecode.swift; path = AppDelegate.swift; sourceTree = "<group>"; };
		AAADCCF727E7A58E0077CB34 /* SceneDelegate.swift */ = {isa = PBXFileReference; lastKnownFileType = sourcecode.swift; path = SceneDelegate.swift; sourceTree = "<group>"; };
		AAADCCF927E7A58E0077CB34 /* ViewController.swift */ = {isa = PBXFileReference; lastKnownFileType = sourcecode.swift; path = ViewController.swift; sourceTree = "<group>"; };
		AAADCCFF27E7A58E0077CB34 /* Music2.xcdatamodel */ = {isa = PBXFileReference; lastKnownFileType = wrapper.xcdatamodel; path = Music2.xcdatamodel; sourceTree = "<group>"; };
		AAADCD0127E7A5910077CB34 /* Assets.xcassets */ = {isa = PBXFileReference; lastKnownFileType = folder.assetcatalog; path = Assets.xcassets; sourceTree = "<group>"; };
		AAADCD0427E7A5910077CB34 /* Base */ = {isa = PBXFileReference; lastKnownFileType = file.storyboard; name = Base; path = Base.lproj/LaunchScreen.storyboard; sourceTree = "<group>"; };
		AAADCD0627E7A5910077CB34 /* Info.plist */ = {isa = PBXFileReference; lastKnownFileType = text.plist.xml; path = Info.plist; sourceTree = "<group>"; };
		AAADCD0B27E7A5910077CB34 /* Music2Tests.xctest */ = {isa = PBXFileReference; explicitFileType = wrapper.cfbundle; includeInIndex = 0; path = Music2Tests.xctest; sourceTree = BUILT_PRODUCTS_DIR; };
		AAADCD0F27E7A5910077CB34 /* Music2Tests.swift */ = {isa = PBXFileReference; lastKnownFileType = sourcecode.swift; path = Music2Tests.swift; sourceTree = "<group>"; };
		AAADCD1527E7A5920077CB34 /* Music2UITests.xctest */ = {isa = PBXFileReference; explicitFileType = wrapper.cfbundle; includeInIndex = 0; path = Music2UITests.xctest; sourceTree = BUILT_PRODUCTS_DIR; };
		AAADCD1927E7A5920077CB34 /* Music2UITests.swift */ = {isa = PBXFileReference; lastKnownFileType = sourcecode.swift; path = Music2UITests.swift; sourceTree = "<group>"; };
		AAADCD1B27E7A5920077CB34 /* Music2UITestsLaunchTests.swift */ = {isa = PBXFileReference; lastKnownFileType = sourcecode.swift; path = Music2UITestsLaunchTests.swift; sourceTree = "<group>"; };
		AAADCD3927E7ACA30077CB34 /* Main.storyboard */ = {isa = PBXFileReference; lastKnownFileType = file.storyboard; path = Main.storyboard; sourceTree = "<group>"; };
/* End PBXFileReference section */

/* Begin PBXFrameworksBuildPhase section */
		AAADCCEF27E7A58E0077CB34 /* Frameworks */ = {
			isa = PBXFrameworksBuildPhase;
			buildActionMask = 2147483647;
			files = (
			);
			runOnlyForDeploymentPostprocessing = 0;
		};
		AAADCD0827E7A5910077CB34 /* Frameworks */ = {
			isa = PBXFrameworksBuildPhase;
			buildActionMask = 2147483647;
			files = (
			);
			runOnlyForDeploymentPostprocessing = 0;
		};
		AAADCD1227E7A5920077CB34 /* Frameworks */ = {
			isa = PBXFrameworksBuildPhase;
			buildActionMask = 2147483647;
			files = (
			);
			runOnlyForDeploymentPostprocessing = 0;
		};
/* End PBXFrameworksBuildPhase section */

/* Begin PBXGroup section */
		AAADCCE927E7A58E0077CB34 = {
			isa = PBXGroup;
			children = (
				AAADCCF427E7A58E0077CB34 /* Music2 */,
				AAADCD0E27E7A5910077CB34 /* Music2Tests */,
				AAADCD1827E7A5920077CB34 /* Music2UITests */,
				AAADCCF327E7A58E0077CB34 /* Products */,
			);
			sourceTree = "<group>";
		};
		AAADCCF327E7A58E0077CB34 /* Products */ = {
			isa = PBXGroup;
			children = (
				AAADCCF227E7A58E0077CB34 /* Music2.app */,
				AAADCD0B27E7A5910077CB34 /* Music2Tests.xctest */,
				AAADCD1527E7A5920077CB34 /* Music2UITests.xctest */,
			);
			name = Products;
			sourceTree = "<group>";
		};
		AAADCCF427E7A58E0077CB34 /* Music2 */ = {
			isa = PBXGroup;
			children = (
				AAADCCF527E7A58E0077CB34 /* AppDelegate.swift */,
				AAADCCF727E7A58E0077CB34 /* SceneDelegate.swift */,
				AAADCCF927E7A58E0077CB34 /* ViewController.swift */,
				AAADCD0127E7A5910077CB34 /* Assets.xcassets */,
				AAADCD3927E7ACA30077CB34 /* Main.storyboard */,
				AAADCD0327E7A5910077CB34 /* LaunchScreen.storyboard */,
				AAADCD0627E7A5910077CB34 /* Info.plist */,
				AAADCCFE27E7A58E0077CB34 /* Music2.xcdatamodeld */,
			);
			path = Music2;
			sourceTree = "<group>";
		};
		AAADCD0E27E7A5910077CB34 /* Music2Tests */ = {
			isa = PBXGroup;
			children = (
				AAADCD0F27E7A5910077CB34 /* Music2Tests.swift */,
			);
			path = Music2Tests;
			sourceTree = "<group>";
		};
		AAADCD1827E7A5920077CB34 /* Music2UITests */ = {
			isa = PBXGroup;
			children = (
				AAADCD1927E7A5920077CB34 /* Music2UITests.swift */,
				AAADCD1B27E7A5920077CB34 /* Music2UITestsLaunchTests.swift */,
			);
			path = Music2UITests;
			sourceTree = "<group>";
		};
/* End PBXGroup section */

/* Begin PBXNativeTarget section */
		AAADCCF127E7A58E0077CB34 /* Music2 */ = {
			isa = PBXNativeTarget;
			buildConfigurationList = AAADCD1F27E7A5920077CB34 /* Build configuration list for PBXNativeTarget "Music2" */;
			buildPhases = (
				AAADCCEE27E7A58E0077CB34 /* Sources */,
				AAADCCEF27E7A58E0077CB34 /* Frameworks */,
				AAADCCF027E7A58E0077CB34 /* Resources */,
			);
			buildRules = (
			);
			dependencies = (
			);
			name = Music2;
			productName = Music2;
			productReference = AAADCCF227E7A58E0077CB34 /* Music2.app */;
			productType = "com.apple.product-type.application";
		};
		AAADCD0A27E7A5910077CB34 /* Music2Tests */ = {
			isa = PBXNativeTarget;
			buildConfigurationList = AAADCD2227E7A5920077CB34 /* Build configuration list for PBXNativeTarget "Music2Tests" */;
			buildPhases = (
				AAADCD0727E7A5910077CB34 /* Sources */,
				AAADCD0827E7A5910077CB34 /* Frameworks */,
				AAADCD0927E7A5910077CB34 /* Resources */,
			);
			buildRules = (
			);
			dependencies = (
				AAADCD0D27E7A5910077CB34 /* PBXTargetDependency */,
			);
			name = Music2Tests;
			productName = Music2Tests;
			productReference = AAADCD0B27E7A5910077CB34 /* Music2Tests.xctest */;
			productType = "com.apple.product-type.bundle.unit-test";
		};
		AAADCD1427E7A5920077CB34 /* Music2UITests */ = {
			isa = PBXNativeTarget;
			buildConfigurationList = AAADCD2527E7A5920077CB34 /* Build configuration list for PBXNativeTarget "Music2UITests" */;
			buildPhases = (
				AAADCD1127E7A5920077CB34 /* Sources */,
				AAADCD1227E7A5920077CB34 /* Frameworks */,
				AAADCD1327E7A5920077CB34 /* Resources */,
			);
			buildRules = (
			);
			dependencies = (
				AAADCD1727E7A5920077CB34 /* PBXTargetDependency */,
			);
			name = Music2UITests;
			productName = Music2UITests;
			productReference = AAADCD1527E7A5920077CB34 /* Music2UITests.xctest */;
			productType = "com.apple.product-type.bundle.ui-testing";
		};
/* End PBXNativeTarget section */

/* Begin PBXProject section */
		AAADCCEA27E7A58E0077CB34 /* Project object */ = {
			isa = PBXProject;
			attributes = {
				BuildIndependentTargetsInParallel = 1;
				LastSwiftUpdateCheck = 1330;
				LastUpgradeCheck = 1330;
				TargetAttributes = {
					AAADCCF127E7A58E0077CB34 = {
						CreatedOnToolsVersion = 13.3;
					};
					AAADCD0A27E7A5910077CB34 = {
						CreatedOnToolsVersion = 13.3;
						TestTargetID = AAADCCF127E7A58E0077CB34;
					};
					AAADCD1427E7A5920077CB34 = {
						CreatedOnToolsVersion = 13.3;
						TestTargetID = AAADCCF127E7A58E0077CB34;
					};
				};
			};
			buildConfigurationList = AAADCCED27E7A58E0077CB34 /* Build configuration list for PBXProject "Music2" */;
			compatibilityVersion = "Xcode 13.0";
			developmentRegion = en;
			hasScannedForEncodings = 0;
			knownRegions = (
				en,
				Base,
			);
			mainGroup = AAADCCE927E7A58E0077CB34;
			productRefGroup = AAADCCF327E7A58E0077CB34 /* Products */;
			projectDirPath = "";
			projectRoot = "";
			targets = (
				AAADCCF127E7A58E0077CB34 /* Music2 */,
				AAADCD0A27E7A5910077CB34 /* Music2Tests */,
				AAADCD1427E7A5920077CB34 /* Music2UITests */,
			);
		};
/* End PBXProject section */

/* Begin PBXResourcesBuildPhase section */
		AAADCCF027E7A58E0077CB34 /* Resources */ = {
			isa = PBXResourcesBuildPhase;
			buildActionMask = 2147483647;
			files = (
				AAADCD3A27E7ACA30077CB34 /* Main.storyboard in Resources */,
				AAADCD0527E7A5910077CB34 /* LaunchScreen.storyboard in Resources */,
				AAADCD0227E7A5910077CB34 /* Assets.xcassets in Resources */,
			);
			runOnlyForDeploymentPostprocessing = 0;
		};
		AAADCD0927E7A5910077CB34 /* Resources */ = {
			isa = PBXResourcesBuildPhase;
			buildActionMask = 2147483647;
			files = (
			);
			runOnlyForDeploymentPostprocessing = 0;
		};
		AAADCD1327E7A5920077CB34 /* Resources */ = {
			isa = PBXResourcesBuildPhase;
			buildActionMask = 2147483647;
			files = (
			);
			runOnlyForDeploymentPostprocessing = 0;
		};
/* End PBXResourcesBuildPhase section */

/* Begin PBXSourcesBuildPhase section */
		AAADCCEE27E7A58E0077CB34 /* Sources */ = {
			isa = PBXSourcesBuildPhase;
			buildActionMask = 2147483647;
			files = (
				AAADCCFA27E7A58E0077CB34 /* ViewController.swift in Sources */,
				AAADCCF627E7A58E0077CB34 /* AppDelegate.swift in Sources */,
				AAADCD0027E7A58E0077CB34 /* Music2.xcdatamodeld in Sources */,
				AAADCCF827E7A58E0077CB34 /* SceneDelegate.swift in Sources */,
			);
			runOnlyForDeploymentPostprocessing = 0;
		};
		AAADCD0727E7A5910077CB34 /* Sources */ = {
			isa = PBXSourcesBuildPhase;
			buildActionMask = 2147483647;
			files = (
				AAADCD1027E7A5910077CB34 /* Music2Tests.swift in Sources */,
			);
			runOnlyForDeploymentPostprocessing = 0;
		};
		AAADCD1127E7A5920077CB34 /* Sources */ = {
			isa = PBXSourcesBuildPhase;
			buildActionMask = 2147483647;
			files = (
				AAADCD1A27E7A5920077CB34 /* Music2UITests.swift in Sources */,
				AAADCD1C27E7A5920077CB34 /* Music2UITestsLaunchTests.swift in Sources */,
			);
			runOnlyForDeploymentPostprocessing = 0;
		};
/* End PBXSourcesBuildPhase section */

/* Begin PBXTargetDependency section */
		AAADCD0D27E7A5910077CB34 /* PBXTargetDependency */ = {
			isa = PBXTargetDependency;
			target = AAADCCF127E7A58E0077CB34 /* Music2 */;
			targetProxy = AAADCD0C27E7A5910077CB34 /* PBXContainerItemProxy */;
		};
		AAADCD1727E7A5920077CB34 /* PBXTargetDependency */ = {
			isa = PBXTargetDependency;
			target = AAADCCF127E7A58E0077CB34 /* Music2 */;
			targetProxy = AAADCD1627E7A5920077CB34 /* PBXContainerItemProxy */;
		};
/* End PBXTargetDependency section */

/* Begin PBXVariantGroup section */
		AAADCD0327E7A5910077CB34 /* LaunchScreen.storyboard */ = {
			isa = PBXVariantGroup;
			children = (
				AAADCD0427E7A5910077CB34 /* Base */,
			);
			name = LaunchScreen.storyboard;
			sourceTree = "<group>";
		};
/* End PBXVariantGroup section */

/* Begin XCBuildConfiguration section */
		AAADCD1D27E7A5920077CB34 /* Debug */ = {
			isa = XCBuildConfiguration;
			buildSettings = {
				ALWAYS_SEARCH_USER_PATHS = NO;
				CLANG_ANALYZER_NONNULL = YES;
				CLANG_ANALYZER_NUMBER_OBJECT_CONVERSION = YES_AGGRESSIVE;
				CLANG_CXX_LANGUAGE_STANDARD = "gnu++17";
				CLANG_ENABLE_MODULES = YES;
				CLANG_ENABLE_OBJC_ARC = YES;
				CLANG_ENABLE_OBJC_WEAK = YES;
				CLANG_WARN_BLOCK_CAPTURE_AUTORELEASING = YES;
				CLANG_WARN_BOOL_CONVERSION = YES;
				CLANG_WARN_COMMA = YES;
				CLANG_WARN_CONSTANT_CONVERSION = YES;
				CLANG_WARN_DEPRECATED_OBJC_IMPLEMENTATIONS = YES;
				CLANG_WARN_DIRECT_OBJC_ISA_USAGE = YES_ERROR;
				CLANG_WARN_DOCUMENTATION_COMMENTS = YES;
				CLANG_WARN_EMPTY_BODY = YES;
				CLANG_WARN_ENUM_CONVERSION = YES;
				CLANG_WARN_INFINITE_RECURSION = YES;
				CLANG_WARN_INT_CONVERSION = YES;
				CLANG_WARN_NON_LITERAL_NULL_CONVERSION = YES;
				CLANG_WARN_OBJC_IMPLICIT_RETAIN_SELF = YES;
				CLANG_WARN_OBJC_LITERAL_CONVERSION = YES;
				CLANG_WARN_OBJC_ROOT_CLASS = YES_ERROR;
				CLANG_WARN_QUOTED_INCLUDE_IN_FRAMEWORK_HEADER = YES;
				CLANG_WARN_RANGE_LOOP_ANALYSIS = YES;
				CLANG_WARN_STRICT_PROTOTYPES = YES;
				CLANG_WARN_SUSPICIOUS_MOVE = YES;
				CLANG_WARN_UNGUARDED_AVAILABILITY = YES_AGGRESSIVE;
				CLANG_WARN_UNREACHABLE_CODE = YES;
				CLANG_WARN__DUPLICATE_METHOD_MATCH = YES;
				COPY_PHASE_STRIP = NO;
				DEBUG_INFORMATION_FORMAT = dwarf;
				ENABLE_STRICT_OBJC_MSGSEND = YES;
				ENABLE_TESTABILITY = YES;
				GCC_C_LANGUAGE_STANDARD = gnu11;
				GCC_DYNAMIC_NO_PIC = NO;
				GCC_NO_COMMON_BLOCKS = YES;
				GCC_OPTIMIZATION_LEVEL = 0;
				GCC_PREPROCESSOR_DEFINITIONS = (
					"DEBUG=1",
					"$(inherited)",
				);
				GCC_WARN_64_TO_32_BIT_CONVERSION = YES;
				GCC_WARN_ABOUT_RETURN_TYPE = YES_ERROR;
				GCC_WARN_UNDECLARED_SELECTOR = YES;
				GCC_WARN_UNINITIALIZED_AUTOS = YES_AGGRESSIVE;
				GCC_WARN_UNUSED_FUNCTION = YES;
				GCC_WARN_UNUSED_VARIABLE = YES;
				IPHONEOS_DEPLOYMENT_TARGET = 15.4;
				MTL_ENABLE_DEBUG_INFO = INCLUDE_SOURCE;
				MTL_FAST_MATH = YES;
				ONLY_ACTIVE_ARCH = YES;
				SDKROOT = iphoneos;
				SWIFT_ACTIVE_COMPILATION_CONDITIONS = DEBUG;
				SWIFT_OPTIMIZATION_LEVEL = "-Onone";
			};
			name = Debug;
		};
		AAADCD1E27E7A5920077CB34 /* Release */ = {
			isa = XCBuildConfiguration;
			buildSettings = {
				ALWAYS_SEARCH_USER_PATHS = NO;
				CLANG_ANALYZER_NONNULL = YES;
				CLANG_ANALYZER_NUMBER_OBJECT_CONVERSION = YES_AGGRESSIVE;
				CLANG_CXX_LANGUAGE_STANDARD = "gnu++17";
				CLANG_ENABLE_MODULES = YES;
				CLANG_ENABLE_OBJC_ARC = YES;
				CLANG_ENABLE_OBJC_WEAK = YES;
				CLANG_WARN_BLOCK_CAPTURE_AUTORELEASING = YES;
				CLANG_WARN_BOOL_CONVERSION = YES;
				CLANG_WARN_COMMA = YES;
				CLANG_WARN_CONSTANT_CONVERSION = YES;
				CLANG_WARN_DEPRECATED_OBJC_IMPLEMENTATIONS = YES;
				CLANG_WARN_DIRECT_OBJC_ISA_USAGE = YES_ERROR;
				CLANG_WARN_DOCUMENTATION_COMMENTS = YES;
				CLANG_WARN_EMPTY_BODY = YES;
				CLANG_WARN_ENUM_CONVERSION = YES;
				CLANG_WARN_INFINITE_RECURSION = YES;
				CLANG_WARN_INT_CONVERSION = YES;
				CLANG_WARN_NON_LITERAL_NULL_CONVERSION = YES;
				CLANG_WARN_OBJC_IMPLICIT_RETAIN_SELF = YES;
				CLANG_WARN_OBJC_LITERAL_CONVERSION = YES;
				CLANG_WARN_OBJC_ROOT_CLASS = YES_ERROR;
				CLANG_WARN_QUOTED_INCLUDE_IN_FRAMEWORK_HEADER = YES;
				CLANG_WARN_RANGE_LOOP_ANALYSIS = YES;
				CLANG_WARN_STRICT_PROTOTYPES = YES;
				CLANG_WARN_SUSPICIOUS_MOVE = YES;
				CLANG_WARN_UNGUARDED_AVAILABILITY = YES_AGGRESSIVE;
				CLANG_WARN_UNREACHABLE_CODE = YES;
				CLANG_WARN__DUPLICATE_METHOD_MATCH = YES;
				COPY_PHASE_STRIP = NO;
				DEBUG_INFORMATION_FORMAT = "dwarf-with-dsym";
				ENABLE_NS_ASSERTIONS = NO;
				ENABLE_STRICT_OBJC_MSGSEND = YES;
				GCC_C_LANGUAGE_STANDARD = gnu11;
				GCC_NO_COMMON_BLOCKS = YES;
				GCC_WARN_64_TO_32_BIT_CONVERSION = YES;
				GCC_WARN_ABOUT_RETURN_TYPE = YES_ERROR;
				GCC_WARN_UNDECLARED_SELECTOR = YES;
				GCC_WARN_UNINITIALIZED_AUTOS = YES_AGGRESSIVE;
				GCC_WARN_UNUSED_FUNCTION = YES;
				GCC_WARN_UNUSED_VARIABLE = YES;
				IPHONEOS_DEPLOYMENT_TARGET = 15.4;
				MTL_ENABLE_DEBUG_INFO = NO;
				MTL_FAST_MATH = YES;
				SDKROOT = iphoneos;
				SWIFT_COMPILATION_MODE = wholemodule;
				SWIFT_OPTIMIZATION_LEVEL = "-O";
				VALIDATE_PRODUCT = YES;
			};
			name = Release;
		};
		AAADCD2027E7A5920077CB34 /* Debug */ = {
			isa = XCBuildConfiguration;
			buildSettings = {
				ASSETCATALOG_COMPILER_APPICON_NAME = AppIcon;
				ASSETCATALOG_COMPILER_GLOBAL_ACCENT_COLOR_NAME = AccentColor;
				CODE_SIGN_STYLE = Automatic;
				CURRENT_PROJECT_VERSION = 1;
				DEVELOPMENT_TEAM = 4VS3XAPXTV;
				GENERATE_INFOPLIST_FILE = YES;
				INFOPLIST_FILE = Music2/Info.plist;
				INFOPLIST_KEY_UIApplicationSupportsIndirectInputEvents = YES;
				INFOPLIST_KEY_UILaunchStoryboardName = LaunchScreen;
				INFOPLIST_KEY_UIMainStoryboardFile = Main;
				INFOPLIST_KEY_UISupportedInterfaceOrientations_iPad = "UIInterfaceOrientationPortrait UIInterfaceOrientationPortraitUpsideDown UIInterfaceOrientationLandscapeLeft UIInterfaceOrientationLandscapeRight";
				INFOPLIST_KEY_UISupportedInterfaceOrientations_iPhone = "UIInterfaceOrientationPortrait UIInterfaceOrientationLandscapeLeft UIInterfaceOrientationLandscapeRight";
				LD_RUNPATH_SEARCH_PATHS = (
					"$(inherited)",
					"@executable_path/Frameworks",
				);
				MARKETING_VERSION = 1.0;
				PRODUCT_BUNDLE_IDENTIFIER = com.3BrainCells.Music2;
				PRODUCT_NAME = "$(TARGET_NAME)";
				SWIFT_EMIT_LOC_STRINGS = YES;
				SWIFT_VERSION = 5.0;
				TARGETED_DEVICE_FAMILY = "1,2";
			};
			name = Debug;
		};
		AAADCD2127E7A5920077CB34 /* Release */ = {
			isa = XCBuildConfiguration;
			buildSettings = {
				ASSETCATALOG_COMPILER_APPICON_NAME = AppIcon;
				ASSETCATALOG_COMPILER_GLOBAL_ACCENT_COLOR_NAME = AccentColor;
				CODE_SIGN_STYLE = Automatic;
				CURRENT_PROJECT_VERSION = 1;
				DEVELOPMENT_TEAM = 4VS3XAPXTV;
				GENERATE_INFOPLIST_FILE = YES;
				INFOPLIST_FILE = Music2/Info.plist;
				INFOPLIST_KEY_UIApplicationSupportsIndirectInputEvents = YES;
				INFOPLIST_KEY_UILaunchStoryboardName = LaunchScreen;
				INFOPLIST_KEY_UIMainStoryboardFile = Main;
				INFOPLIST_KEY_UISupportedInterfaceOrientations_iPad = "UIInterfaceOrientationPortrait UIInterfaceOrientationPortraitUpsideDown UIInterfaceOrientationLandscapeLeft UIInterfaceOrientationLandscapeRight";
				INFOPLIST_KEY_UISupportedInterfaceOrientations_iPhone = "UIInterfaceOrientationPortrait UIInterfaceOrientationLandscapeLeft UIInterfaceOrientationLandscapeRight";
				LD_RUNPATH_SEARCH_PATHS = (
					"$(inherited)",
					"@executable_path/Frameworks",
				);
				MARKETING_VERSION = 1.0;
				PRODUCT_BUNDLE_IDENTIFIER = com.3BrainCells.Music2;
				PRODUCT_NAME = "$(TARGET_NAME)";
				SWIFT_EMIT_LOC_STRINGS = YES;
				SWIFT_VERSION = 5.0;
				TARGETED_DEVICE_FAMILY = "1,2";
			};
			name = Release;
		};
		AAADCD2327E7A5920077CB34 /* Debug */ = {
			isa = XCBuildConfiguration;
			buildSettings = {
				ALWAYS_EMBED_SWIFT_STANDARD_LIBRARIES = YES;
				BUNDLE_LOADER = "$(TEST_HOST)";
				CODE_SIGN_STYLE = Automatic;
				CURRENT_PROJECT_VERSION = 1;
				DEVELOPMENT_TEAM = 4VS3XAPXTV;
				GENERATE_INFOPLIST_FILE = YES;
				IPHONEOS_DEPLOYMENT_TARGET = 15.4;
				MARKETING_VERSION = 1.0;
				PRODUCT_BUNDLE_IDENTIFIER = com.3BrainCells.Music2Tests;
				PRODUCT_NAME = "$(TARGET_NAME)";
				SWIFT_EMIT_LOC_STRINGS = NO;
				SWIFT_VERSION = 5.0;
				TARGETED_DEVICE_FAMILY = "1,2";
				TEST_HOST = "$(BUILT_PRODUCTS_DIR)/Music2.app/Music2";
			};
			name = Debug;
		};
		AAADCD2427E7A5920077CB34 /* Release */ = {
			isa = XCBuildConfiguration;
			buildSettings = {
				ALWAYS_EMBED_SWIFT_STANDARD_LIBRARIES = YES;
				BUNDLE_LOADER = "$(TEST_HOST)";
				CODE_SIGN_STYLE = Automatic;
				CURRENT_PROJECT_VERSION = 1;
				DEVELOPMENT_TEAM = 4VS3XAPXTV;
				GENERATE_INFOPLIST_FILE = YES;
				IPHONEOS_DEPLOYMENT_TARGET = 15.4;
				MARKETING_VERSION = 1.0;
				PRODUCT_BUNDLE_IDENTIFIER = com.3BrainCells.Music2Tests;
				PRODUCT_NAME = "$(TARGET_NAME)";
				SWIFT_EMIT_LOC_STRINGS = NO;
				SWIFT_VERSION = 5.0;
				TARGETED_DEVICE_FAMILY = "1,2";
				TEST_HOST = "$(BUILT_PRODUCTS_DIR)/Music2.app/Music2";
			};
			name = Release;
		};
		AAADCD2627E7A5920077CB34 /* Debug */ = {
			isa = XCBuildConfiguration;
			buildSettings = {
				ALWAYS_EMBED_SWIFT_STANDARD_LIBRARIES = YES;
				CODE_SIGN_STYLE = Automatic;
				CURRENT_PROJECT_VERSION = 1;
				DEVELOPMENT_TEAM = 4VS3XAPXTV;
				GENERATE_INFOPLIST_FILE = YES;
				MARKETING_VERSION = 1.0;
				PRODUCT_BUNDLE_IDENTIFIER = com.3BrainCells.Music2UITests;
				PRODUCT_NAME = "$(TARGET_NAME)";
				SWIFT_EMIT_LOC_STRINGS = NO;
				SWIFT_VERSION = 5.0;
				TARGETED_DEVICE_FAMILY = "1,2";
				TEST_TARGET_NAME = Music2;
			};
			name = Debug;
		};
		AAADCD2727E7A5920077CB34 /* Release */ = {
			isa = XCBuildConfiguration;
			buildSettings = {
				ALWAYS_EMBED_SWIFT_STANDARD_LIBRARIES = YES;
				CODE_SIGN_STYLE = Automatic;
				CURRENT_PROJECT_VERSION = 1;
				DEVELOPMENT_TEAM = 4VS3XAPXTV;
				GENERATE_INFOPLIST_FILE = YES;
				MARKETING_VERSION = 1.0;
				PRODUCT_BUNDLE_IDENTIFIER = com.3BrainCells.Music2UITests;
				PRODUCT_NAME = "$(TARGET_NAME)";
				SWIFT_EMIT_LOC_STRINGS = NO;
				SWIFT_VERSION = 5.0;
				TARGETED_DEVICE_FAMILY = "1,2";
				TEST_TARGET_NAME = Music2;
			};
			name = Release;
		};
/* End XCBuildConfiguration section */

/* Begin XCConfigurationList section */
		AAADCCED27E7A58E0077CB34 /* Build configuration list for PBXProject "Music2" */ = {
			isa = XCConfigurationList;
			buildConfigurations = (
				AAADCD1D27E7A5920077CB34 /* Debug */,
				AAADCD1E27E7A5920077CB34 /* Release */,
			);
			defaultConfigurationIsVisible = 0;
			defaultConfigurationName = Release;
		};
		AAADCD1F27E7A5920077CB34 /* Build configuration list for PBXNativeTarget "Music2" */ = {
			isa = XCConfigurationList;
			buildConfigurations = (
				AAADCD2027E7A5920077CB34 /* Debug */,
				AAADCD2127E7A5920077CB34 /* Release */,
			);
			defaultConfigurationIsVisible = 0;
			defaultConfigurationName = Release;
		};
		AAADCD2227E7A5920077CB34 /* Build configuration list for PBXNativeTarget "Music2Tests" */ = {
			isa = XCConfigurationList;
			buildConfigurations = (
				AAADCD2327E7A5920077CB34 /* Debug */,
				AAADCD2427E7A5920077CB34 /* Release */,
			);
			defaultConfigurationIsVisible = 0;
			defaultConfigurationName = Release;
		};
		AAADCD2527E7A5920077CB34 /* Build configuration list for PBXNativeTarget "Music2UITests" */ = {
			isa = XCConfigurationList;
			buildConfigurations = (
				AAADCD2627E7A5920077CB34 /* Debug */,
				AAADCD2727E7A5920077CB34 /* Release */,
			);
			defaultConfigurationIsVisible = 0;
			defaultConfigurationName = Release;
		};
/* End XCConfigurationList section */

/* Begin XCVersionGroup section */
		AAADCCFE27E7A58E0077CB34 /* Music2.xcdatamodeld */ = {
			isa = XCVersionGroup;
			children = (
				AAADCCFF27E7A58E0077CB34 /* Music2.xcdatamodel */,
			);
			currentVersion = AAADCCFF27E7A58E0077CB34 /* Music2.xcdatamodel */;
			path = Music2.xcdatamodeld;
			sourceTree = "<group>";
			versionGroupType = wrapper.xcdatamodel;
		};
/* End XCVersionGroup section */
	};
	rootObject = AAADCCEA27E7A58E0077CB34 /* Project object */;
}
