// !$*UTF8*$!
{
	archiveVersion = 1;
	classes = {
	};
	objectVersion = 55;
	objects = {

/* Begin PBXBuildFile section */
		254427E827EE2C9C008198D1 /* rock.jpg in Resources */ = {isa = PBXBuildFile; fileRef = 254427E727EE2C9C008198D1 /* rock.jpg */; };
		254427EC27EE7D5A008198D1 /* profileViewController.swift in Sources */ = {isa = PBXBuildFile; fileRef = 254427EB27EE7D5A008198D1 /* profileViewController.swift */; };
		254427EE27EE7F7A008198D1 /* genreCollectionViewCell.swift in Sources */ = {isa = PBXBuildFile; fileRef = 254427ED27EE7F7A008198D1 /* genreCollectionViewCell.swift */; };
		254427F027EE7F8A008198D1 /* postsCollectionViewCell.swift in Sources */ = {isa = PBXBuildFile; fileRef = 254427EF27EE7F8A008198D1 /* postsCollectionViewCell.swift */; };
		25C42D5227E7FAFB00C9C14A /* profileHeaderCollectionReusableView.swift in Sources */ = {isa = PBXBuildFile; fileRef = 25C42D5127E7FAFB00C9C14A /* profileHeaderCollectionReusableView.swift */; };
		25C42D5627E7FD7300C9C14A /* postViewController.swift in Sources */ = {isa = PBXBuildFile; fileRef = 25C42D5527E7FD7300C9C14A /* postViewController.swift */; };
		AAADCCF627E7A58E0077CB34 /* AppDelegate.swift in Sources */ = {isa = PBXBuildFile; fileRef = AAADCCF527E7A58E0077CB34 /* AppDelegate.swift */; };
		AAADCCF827E7A58E0077CB34 /* SceneDelegate.swift in Sources */ = {isa = PBXBuildFile; fileRef = AAADCCF727E7A58E0077CB34 /* SceneDelegate.swift */; };
		AAADCCFD27E7A58E0077CB34 /* Main.storyboard in Resources */ = {isa = PBXBuildFile; fileRef = AAADCCFB27E7A58E0077CB34 /* Main.storyboard */; };
		AAADCD0027E7A58E0077CB34 /* Music2.xcdatamodeld in Sources */ = {isa = PBXBuildFile; fileRef = AAADCCFE27E7A58E0077CB34 /* Music2.xcdatamodeld */; };
		AAADCD0227E7A5910077CB34 /* Assets.xcassets in Resources */ = {isa = PBXBuildFile; fileRef = AAADCD0127E7A5910077CB34 /* Assets.xcassets */; };
		AAADCD0527E7A5910077CB34 /* LaunchScreen.storyboard in Resources */ = {isa = PBXBuildFile; fileRef = AAADCD0327E7A5910077CB34 /* LaunchScreen.storyboard */; };
		AAADCD1027E7A5910077CB34 /* Music2Tests.swift in Sources */ = {isa = PBXBuildFile; fileRef = AAADCD0F27E7A5910077CB34 /* Music2Tests.swift */; };
		AAADCD1A27E7A5920077CB34 /* Music2UITests.swift in Sources */ = {isa = PBXBuildFile; fileRef = AAADCD1927E7A5920077CB34 /* Music2UITests.swift */; };
		AAADCD1C27E7A5920077CB34 /* Music2UITestsLaunchTests.swift in Sources */ = {isa = PBXBuildFile; fileRef = AAADCD1B27E7A5920077CB34 /* Music2UITestsLaunchTests.swift */; };
		AAADCD3D27E811BC0077CB34 /* UserStruct.swift in Sources */ = {isa = PBXBuildFile; fileRef = AAADCD3C27E811BC0077CB34 /* UserStruct.swift */; };
		EE2428B727EA2EB500A754AF /* GoogleService-Info.plist in Resources */ = {isa = PBXBuildFile; fileRef = EE2428B627EA2EB500A754AF /* GoogleService-Info.plist */; };
		EE2428BA27EA2EEE00A754AF /* FirebaseAnalytics in Frameworks */ = {isa = PBXBuildFile; productRef = EE2428B927EA2EEE00A754AF /* FirebaseAnalytics */; };
		EE2428BC27EA2EEE00A754AF /* FirebaseAuth in Frameworks */ = {isa = PBXBuildFile; productRef = EE2428BB27EA2EEE00A754AF /* FirebaseAuth */; };
		EE2428BE27EA2EEE00A754AF /* FirebaseDatabase in Frameworks */ = {isa = PBXBuildFile; productRef = EE2428BD27EA2EEE00A754AF /* FirebaseDatabase */; };
		EEC7BF2727E7B40200A882F6 /* message.png in Resources */ = {isa = PBXBuildFile; fileRef = EEC7BF2427E7B40100A882F6 /* message.png */; };
		EEC7BF2827E7B40200A882F6 /* logo.png in Resources */ = {isa = PBXBuildFile; fileRef = EEC7BF2527E7B40200A882F6 /* logo.png */; };
		EEC7BF2927E7B40200A882F6 /* love.png in Resources */ = {isa = PBXBuildFile; fileRef = EEC7BF2627E7B40200A882F6 /* love.png */; };
		EEC7BF2B27E7B46700A882F6 /* signInViewController.swift in Sources */ = {isa = PBXBuildFile; fileRef = EEC7BF2A27E7B46700A882F6 /* signInViewController.swift */; };
		EEC7BF2D27E7BBEA00A882F6 /* AppleMusicAPI.swift in Sources */ = {isa = PBXBuildFile; fileRef = EEC7BF2C27E7BBEA00A882F6 /* AppleMusicAPI.swift */; };
		EEC7BF2F27E7BC3700A882F6 /* Song.swift in Sources */ = {isa = PBXBuildFile; fileRef = EEC7BF2E27E7BC3700A882F6 /* Song.swift */; };
		EEC7BF3127E7E7F200A882F6 /* MusicVideosViewController.swift in Sources */ = {isa = PBXBuildFile; fileRef = EEC7BF3027E7E7F200A882F6 /* MusicVideosViewController.swift */; };
		EEC7BF3327E7E81D00A882F6 /* HomeViewController.swift in Sources */ = {isa = PBXBuildFile; fileRef = EEC7BF3227E7E81D00A882F6 /* HomeViewController.swift */; };
		EEC7BF3527E7E8BB00A882F6 /* MusicVideosCell.swift in Sources */ = {isa = PBXBuildFile; fileRef = EEC7BF3427E7E8BB00A882F6 /* MusicVideosCell.swift */; };
		EEC7BF3727E7F22700A882F6 /* HomeCell.swift in Sources */ = {isa = PBXBuildFile; fileRef = EEC7BF3627E7F22700A882F6 /* HomeCell.swift */; };
/* End PBXBuildFile section */

/* Begin PBXContainerItemProxy section */
		AAADCD0C27E7A5910077CB34 /* PBXContainerItemProxy */ = {
			isa = PBXContainerItemProxy;
			containerPortal = AAADCCEA27E7A58E0077CB34 /* Project object */;
			proxyType = 1;
			remoteGlobalIDString = AAADCCF127E7A58E0077CB34;
			remoteInfo = Music2;
		};
		AAADCD1627E7A5920077CB34 /* PBXContainerItemProxy */ = {
			isa = PBXContainerItemProxy;
			containerPortal = AAADCCEA27E7A58E0077CB34 /* Project object */;
			proxyType = 1;
			remoteGlobalIDString = AAADCCF127E7A58E0077CB34;
			remoteInfo = Music2;
		};
/* End PBXContainerItemProxy section */

/* Begin PBXFileReference section */
		254427E727EE2C9C008198D1 /* rock.jpg */ = {isa = PBXFileReference; lastKnownFileType = image.jpeg; name = rock.jpg; path = ../../../rock.jpg; sourceTree = "<group>"; };
		254427EB27EE7D5A008198D1 /* profileViewController.swift */ = {isa = PBXFileReference; lastKnownFileType = sourcecode.swift; path = profileViewController.swift; sourceTree = "<group>"; };
		254427ED27EE7F7A008198D1 /* genreCollectionViewCell.swift */ = {isa = PBXFileReference; lastKnownFileType = sourcecode.swift; path = genreCollectionViewCell.swift; sourceTree = "<group>"; };
		254427EF27EE7F8A008198D1 /* postsCollectionViewCell.swift */ = {isa = PBXFileReference; lastKnownFileType = sourcecode.swift; path = postsCollectionViewCell.swift; sourceTree = "<group>"; };
		25C42D5127E7FAFB00C9C14A /* profileHeaderCollectionReusableView.swift */ = {isa = PBXFileReference; lastKnownFileType = sourcecode.swift; path = profileHeaderCollectionReusableView.swift; sourceTree = "<group>"; };
		25C42D5527E7FD7300C9C14A /* postViewController.swift */ = {isa = PBXFileReference; lastKnownFileType = sourcecode.swift; path = postViewController.swift; sourceTree = "<group>"; };
		AAADCCF227E7A58E0077CB34 /* Music2.app */ = {isa = PBXFileReference; explicitFileType = wrapper.application; includeInIndex = 0; path = Music2.app; sourceTree = BUILT_PRODUCTS_DIR; };
		AAADCCF527E7A58E0077CB34 /* AppDelegate.swift */ = {isa = PBXFileReference; lastKnownFileType = sourcecode.swift; path = AppDelegate.swift; sourceTree = "<group>"; };
		AAADCCF727E7A58E0077CB34 /* SceneDelegate.swift */ = {isa = PBXFileReference; lastKnownFileType = sourcecode.swift; path = SceneDelegate.swift; sourceTree = "<group>"; };
		AAADCCFC27E7A58E0077CB34 /* Base */ = {isa = PBXFileReference; lastKnownFileType = file.storyboard; name = Base; path = Base.lproj/Main.storyboard; sourceTree = "<group>"; };
		AAADCCFF27E7A58E0077CB34 /* Music2.xcdatamodel */ = {isa = PBXFileReference; lastKnownFileType = wrapper.xcdatamodel; path = Music2.xcdatamodel; sourceTree = "<group>"; };
		AAADCD0127E7A5910077CB34 /* Assets.xcassets */ = {isa = PBXFileReference; lastKnownFileType = folder.assetcatalog; path = Assets.xcassets; sourceTree = "<group>"; };
		AAADCD0427E7A5910077CB34 /* Base */ = {isa = PBXFileReference; lastKnownFileType = file.storyboard; name = Base; path = Base.lproj/LaunchScreen.storyboard; sourceTree = "<group>"; };
		AAADCD0627E7A5910077CB34 /* Info.plist */ = {isa = PBXFileReference; lastKnownFileType = text.plist.xml; path = Info.plist; sourceTree = "<group>"; };
		AAADCD0B27E7A5910077CB34 /* Music2Tests.xctest */ = {isa = PBXFileReference; explicitFileType = wrapper.cfbundle; includeInIndex = 0; path = Music2Tests.xctest; sourceTree = BUILT_PRODUCTS_DIR; };
		AAADCD0F27E7A5910077CB34 /* Music2Tests.swift */ = {isa = PBXFileReference; lastKnownFileType = sourcecode.swift; path = Music2Tests.swift; sourceTree = "<group>"; };
		AAADCD1527E7A5920077CB34 /* Music2UITests.xctest */ = {isa = PBXFileReference; explicitFileType = wrapper.cfbundle; includeInIndex = 0; path = Music2UITests.xctest; sourceTree = BUILT_PRODUCTS_DIR; };
		AAADCD1927E7A5920077CB34 /* Music2UITests.swift */ = {isa = PBXFileReference; lastKnownFileType = sourcecode.swift; path = Music2UITests.swift; sourceTree = "<group>"; };
		AAADCD1B27E7A5920077CB34 /* Music2UITestsLaunchTests.swift */ = {isa = PBXFileReference; lastKnownFileType = sourcecode.swift; path = Music2UITestsLaunchTests.swift; sourceTree = "<group>"; };
		AAADCD3B27E810F40077CB34 /* Music2.entitlements */ = {isa = PBXFileReference; lastKnownFileType = text.plist.entitlements; path = Music2.entitlements; sourceTree = "<group>"; };
		AAADCD3C27E811BC0077CB34 /* UserStruct.swift */ = {isa = PBXFileReference; lastKnownFileType = sourcecode.swift; path = UserStruct.swift; sourceTree = "<group>"; };
		EE2428B627EA2EB500A754AF /* GoogleService-Info.plist */ = {isa = PBXFileReference; fileEncoding = 4; lastKnownFileType = text.plist.xml; path = "GoogleService-Info.plist"; sourceTree = "<group>"; };
		EEC7BF2427E7B40100A882F6 /* message.png */ = {isa = PBXFileReference; lastKnownFileType = image.png; path = message.png; sourceTree = "<group>"; };
		EEC7BF2527E7B40200A882F6 /* logo.png */ = {isa = PBXFileReference; lastKnownFileType = image.png; path = logo.png; sourceTree = "<group>"; };
		EEC7BF2627E7B40200A882F6 /* love.png */ = {isa = PBXFileReference; lastKnownFileType = image.png; path = love.png; sourceTree = "<group>"; };
		EEC7BF2A27E7B46700A882F6 /* signInViewController.swift */ = {isa = PBXFileReference; lastKnownFileType = sourcecode.swift; path = signInViewController.swift; sourceTree = "<group>"; };
		EEC7BF2C27E7BBEA00A882F6 /* AppleMusicAPI.swift */ = {isa = PBXFileReference; lastKnownFileType = sourcecode.swift; path = AppleMusicAPI.swift; sourceTree = "<group>"; };
		EEC7BF2E27E7BC3700A882F6 /* Song.swift */ = {isa = PBXFileReference; lastKnownFileType = sourcecode.swift; path = Song.swift; sourceTree = "<group>"; };
		EEC7BF3027E7E7F200A882F6 /* MusicVideosViewController.swift */ = {isa = PBXFileReference; lastKnownFileType = sourcecode.swift; path = MusicVideosViewController.swift; sourceTree = "<group>"; };
		EEC7BF3227E7E81D00A882F6 /* HomeViewController.swift */ = {isa = PBXFileReference; lastKnownFileType = sourcecode.swift; path = HomeViewController.swift; sourceTree = "<group>"; };
		EEC7BF3427E7E8BB00A882F6 /* MusicVideosCell.swift */ = {isa = PBXFileReference; lastKnownFileType = sourcecode.swift; path = MusicVideosCell.swift; sourceTree = "<group>"; };
		EEC7BF3627E7F22700A882F6 /* HomeCell.swift */ = {isa = PBXFileReference; lastKnownFileType = sourcecode.swift; path = HomeCell.swift; sourceTree = "<group>"; };
/* End PBXFileReference section */

/* Begin PBXFrameworksBuildPhase section */
		AAADCCEF27E7A58E0077CB34 /* Frameworks */ = {
			isa = PBXFrameworksBuildPhase;
			buildActionMask = 2147483647;
			files = (
				EE2428BE27EA2EEE00A754AF /* FirebaseDatabase in Frameworks */,
				EE2428BA27EA2EEE00A754AF /* FirebaseAnalytics in Frameworks */,
				EE2428BC27EA2EEE00A754AF /* FirebaseAuth in Frameworks */,
			);
			runOnlyForDeploymentPostprocessing = 0;
		};
		AAADCD0827E7A5910077CB34 /* Frameworks */ = {
			isa = PBXFrameworksBuildPhase;
			buildActionMask = 2147483647;
			files = (
			);
			runOnlyForDeploymentPostprocessing = 0;
		};
		AAADCD1227E7A5920077CB34 /* Frameworks */ = {
			isa = PBXFrameworksBuildPhase;
			buildActionMask = 2147483647;
			files = (
			);
			runOnlyForDeploymentPostprocessing = 0;
		};
/* End PBXFrameworksBuildPhase section */

/* Begin PBXGroup section */
		25C42D5027E7FAB300C9C14A /* Header */ = {
			isa = PBXGroup;
			children = (
				25C42D5127E7FAFB00C9C14A /* profileHeaderCollectionReusableView.swift */,
			);
			path = Header;
			sourceTree = "<group>";
		};
		AAADCCE927E7A58E0077CB34 = {
			isa = PBXGroup;
			children = (
				AAADCCF427E7A58E0077CB34 /* Music2 */,
				AAADCD0E27E7A5910077CB34 /* Music2Tests */,
				AAADCD1827E7A5920077CB34 /* Music2UITests */,
				AAADCCF327E7A58E0077CB34 /* Products */,
			);
			sourceTree = "<group>";
		};
		AAADCCF327E7A58E0077CB34 /* Products */ = {
			isa = PBXGroup;
			children = (
				AAADCCF227E7A58E0077CB34 /* Music2.app */,
				AAADCD0B27E7A5910077CB34 /* Music2Tests.xctest */,
				AAADCD1527E7A5920077CB34 /* Music2UITests.xctest */,
			);
			name = Products;
			sourceTree = "<group>";
		};
		AAADCCF427E7A58E0077CB34 /* Music2 */ = {
			isa = PBXGroup;
			children = (
				AAADCD3B27E810F40077CB34 /* Music2.entitlements */,
				EEC7BF2327E7B3E700A882F6 /* Assets */,
				25C42D5027E7FAB300C9C14A /* Header */,
				EEC7BF2127E7B3BC00A882F6 /* Custom Cells */,
				EEC7BF2027E7B3B000A882F6 /* View Controllers */,
				EEC7BF2227E7B3C900A882F6 /* Delegates */,
				AAADCD3C27E811BC0077CB34 /* UserStruct.swift */,
				EEC7BF2C27E7BBEA00A882F6 /* AppleMusicAPI.swift */,
				AAADCCFB27E7A58E0077CB34 /* Main.storyboard */,
				AAADCD0127E7A5910077CB34 /* Assets.xcassets */,
				AAADCD0327E7A5910077CB34 /* LaunchScreen.storyboard */,
				AAADCD0627E7A5910077CB34 /* Info.plist */,
				EE2428B627EA2EB500A754AF /* GoogleService-Info.plist */,
				AAADCCFE27E7A58E0077CB34 /* Music2.xcdatamodeld */,
				EEC7BF2E27E7BC3700A882F6 /* Song.swift */,
			);
			path = Music2;
			sourceTree = "<group>";
		};
		AAADCD0E27E7A5910077CB34 /* Music2Tests */ = {
			isa = PBXGroup;
			children = (
				AAADCD0F27E7A5910077CB34 /* Music2Tests.swift */,
			);
			path = Music2Tests;
			sourceTree = "<group>";
		};
		AAADCD1827E7A5920077CB34 /* Music2UITests */ = {
			isa = PBXGroup;
			children = (
				AAADCD1927E7A5920077CB34 /* Music2UITests.swift */,
				AAADCD1B27E7A5920077CB34 /* Music2UITestsLaunchTests.swift */,
			);
			path = Music2UITests;
			sourceTree = "<group>";
		};
		EEC7BF2027E7B3B000A882F6 /* View Controllers */ = {
			isa = PBXGroup;
			children = (
				EEC7BF2A27E7B46700A882F6 /* signInViewController.swift */,
				EEC7BF3227E7E81D00A882F6 /* HomeViewController.swift */,
				EEC7BF3027E7E7F200A882F6 /* MusicVideosViewController.swift */,
				25C42D5527E7FD7300C9C14A /* postViewController.swift */,
				254427EB27EE7D5A008198D1 /* profileViewController.swift */,
			);
			path = "View Controllers";
			sourceTree = "<group>";
		};
		EEC7BF2127E7B3BC00A882F6 /* Custom Cells */ = {
			isa = PBXGroup;
			children = (
				EEC7BF3427E7E8BB00A882F6 /* MusicVideosCell.swift */,
				EEC7BF3627E7F22700A882F6 /* HomeCell.swift */,
				254427ED27EE7F7A008198D1 /* genreCollectionViewCell.swift */,
				254427EF27EE7F8A008198D1 /* postsCollectionViewCell.swift */,
			);
			path = "Custom Cells";
			sourceTree = "<group>";
		};
		EEC7BF2227E7B3C900A882F6 /* Delegates */ = {
			isa = PBXGroup;
			children = (
				AAADCCF527E7A58E0077CB34 /* AppDelegate.swift */,
				AAADCCF727E7A58E0077CB34 /* SceneDelegate.swift */,
			);
			path = Delegates;
			sourceTree = "<group>";
		};
		EEC7BF2327E7B3E700A882F6 /* Assets */ = {
			isa = PBXGroup;
			children = (
				254427E727EE2C9C008198D1 /* rock.jpg */,
				EEC7BF2527E7B40200A882F6 /* logo.png */,
				EEC7BF2627E7B40200A882F6 /* love.png */,
				EEC7BF2427E7B40100A882F6 /* message.png */,
			);
			path = Assets;
			sourceTree = "<group>";
		};
/* End PBXGroup section */

/* Begin PBXNativeTarget section */
		AAADCCF127E7A58E0077CB34 /* Music2 */ = {
			isa = PBXNativeTarget;
			buildConfigurationList = AAADCD1F27E7A5920077CB34 /* Build configuration list for PBXNativeTarget "Music2" */;
			buildPhases = (
				AAADCCEE27E7A58E0077CB34 /* Sources */,
				AAADCCEF27E7A58E0077CB34 /* Frameworks */,
				AAADCCF027E7A58E0077CB34 /* Resources */,
			);
			buildRules = (
			);
			dependencies = (
			);
			name = Music2;
			packageProductDependencies = (
				EE2428B927EA2EEE00A754AF /* FirebaseAnalytics */,
				EE2428BB27EA2EEE00A754AF /* FirebaseAuth */,
				EE2428BD27EA2EEE00A754AF /* FirebaseDatabase */,
			);
			productName = Music2;
			productReference = AAADCCF227E7A58E0077CB34 /* Music2.app */;
			productType = "com.apple.product-type.application";
		};
		AAADCD0A27E7A5910077CB34 /* Music2Tests */ = {
			isa = PBXNativeTarget;
			buildConfigurationList = AAADCD2227E7A5920077CB34 /* Build configuration list for PBXNativeTarget "Music2Tests" */;
			buildPhases = (
				AAADCD0727E7A5910077CB34 /* Sources */,
				AAADCD0827E7A5910077CB34 /* Frameworks */,
				AAADCD0927E7A5910077CB34 /* Resources */,
			);
			buildRules = (
			);
			dependencies = (
				AAADCD0D27E7A5910077CB34 /* PBXTargetDependency */,
			);
			name = Music2Tests;
			productName = Music2Tests;
			productReference = AAADCD0B27E7A5910077CB34 /* Music2Tests.xctest */;
			productType = "com.apple.product-type.bundle.unit-test";
		};
		AAADCD1427E7A5920077CB34 /* Music2UITests */ = {
			isa = PBXNativeTarget;
			buildConfigurationList = AAADCD2527E7A5920077CB34 /* Build configuration list for PBXNativeTarget "Music2UITests" */;
			buildPhases = (
				AAADCD1127E7A5920077CB34 /* Sources */,
				AAADCD1227E7A5920077CB34 /* Frameworks */,
				AAADCD1327E7A5920077CB34 /* Resources */,
			);
			buildRules = (
			);
			dependencies = (
				AAADCD1727E7A5920077CB34 /* PBXTargetDependency */,
			);
			name = Music2UITests;
			productName = Music2UITests;
			productReference = AAADCD1527E7A5920077CB34 /* Music2UITests.xctest */;
			productType = "com.apple.product-type.bundle.ui-testing";
		};
/* End PBXNativeTarget section */

/* Begin PBXProject section */
		AAADCCEA27E7A58E0077CB34 /* Project object */ = {
			isa = PBXProject;
			attributes = {
				BuildIndependentTargetsInParallel = 1;
				LastSwiftUpdateCheck = 1330;
				LastUpgradeCheck = 1330;
				TargetAttributes = {
					AAADCCF127E7A58E0077CB34 = {
						CreatedOnToolsVersion = 13.3;
					};
					AAADCD0A27E7A5910077CB34 = {
						CreatedOnToolsVersion = 13.3;
						TestTargetID = AAADCCF127E7A58E0077CB34;
					};
					AAADCD1427E7A5920077CB34 = {
						CreatedOnToolsVersion = 13.3;
						TestTargetID = AAADCCF127E7A58E0077CB34;
					};
				};
			};
			buildConfigurationList = AAADCCED27E7A58E0077CB34 /* Build configuration list for PBXProject "Music2" */;
			compatibilityVersion = "Xcode 13.0";
			developmentRegion = en;
			hasScannedForEncodings = 0;
			knownRegions = (
				en,
				Base,
			);
			mainGroup = AAADCCE927E7A58E0077CB34;
			packageReferences = (
				EE2428B827EA2EEE00A754AF /* XCRemoteSwiftPackageReference "firebase-ios-sdk" */,
			);
			productRefGroup = AAADCCF327E7A58E0077CB34 /* Products */;
			projectDirPath = "";
			projectRoot = "";
			targets = (
				AAADCCF127E7A58E0077CB34 /* Music2 */,
				AAADCD0A27E7A5910077CB34 /* Music2Tests */,
				AAADCD1427E7A5920077CB34 /* Music2UITests */,
			);
		};
/* End PBXProject section */

/* Begin PBXResourcesBuildPhase section */
		AAADCCF027E7A58E0077CB34 /* Resources */ = {
			isa = PBXResourcesBuildPhase;
			buildActionMask = 2147483647;
			files = (
				AAADCD0527E7A5910077CB34 /* LaunchScreen.storyboard in Resources */,
				EEC7BF2827E7B40200A882F6 /* logo.png in Resources */,
				AAADCD0227E7A5910077CB34 /* Assets.xcassets in Resources */,
				AAADCCFD27E7A58E0077CB34 /* Main.storyboard in Resources */,
				EEC7BF2727E7B40200A882F6 /* message.png in Resources */,
				EEC7BF2927E7B40200A882F6 /* love.png in Resources */,
				254427E827EE2C9C008198D1 /* rock.jpg in Resources */,
				EE2428B727EA2EB500A754AF /* GoogleService-Info.plist in Resources */,
			);
			runOnlyForDeploymentPostprocessing = 0;
		};
		AAADCD0927E7A5910077CB34 /* Resources */ = {
			isa = PBXResourcesBuildPhase;
			buildActionMask = 2147483647;
			files = (
			);
			runOnlyForDeploymentPostprocessing = 0;
		};
		AAADCD1327E7A5920077CB34 /* Resources */ = {
			isa = PBXResourcesBuildPhase;
			buildActionMask = 2147483647;
			files = (
			);
			runOnlyForDeploymentPostprocessing = 0;
		};
/* End PBXResourcesBuildPhase section */

/* Begin PBXSourcesBuildPhase section */
		AAADCCEE27E7A58E0077CB34 /* Sources */ = {
			isa = PBXSourcesBuildPhase;
			buildActionMask = 2147483647;
			files = (
				EEC7BF2F27E7BC3700A882F6 /* Song.swift in Sources */,
				EEC7BF3127E7E7F200A882F6 /* MusicVideosViewController.swift in Sources */,
				EEC7BF2D27E7BBEA00A882F6 /* AppleMusicAPI.swift in Sources */,
				25C42D5627E7FD7300C9C14A /* postViewController.swift in Sources */,
				254427EE27EE7F7A008198D1 /* genreCollectionViewCell.swift in Sources */,
				EEC7BF3327E7E81D00A882F6 /* HomeViewController.swift in Sources */,
				254427EC27EE7D5A008198D1 /* profileViewController.swift in Sources */,
				EEC7BF3727E7F22700A882F6 /* HomeCell.swift in Sources */,
				254427F027EE7F8A008198D1 /* postsCollectionViewCell.swift in Sources */,
				EEC7BF2B27E7B46700A882F6 /* signInViewController.swift in Sources */,
				AAADCD3D27E811BC0077CB34 /* UserStruct.swift in Sources */,
				EEC7BF3527E7E8BB00A882F6 /* MusicVideosCell.swift in Sources */,
				AAADCCF627E7A58E0077CB34 /* AppDelegate.swift in Sources */,
				AAADCD0027E7A58E0077CB34 /* Music2.xcdatamodeld in Sources */,
				25C42D5227E7FAFB00C9C14A /* profileHeaderCollectionReusableView.swift in Sources */,
				AAADCCF827E7A58E0077CB34 /* SceneDelegate.swift in Sources */,
			);
			runOnlyForDeploymentPostprocessing = 0;
		};
		AAADCD0727E7A5910077CB34 /* Sources */ = {
			isa = PBXSourcesBuildPhase;
			buildActionMask = 2147483647;
			files = (
				AAADCD1027E7A5910077CB34 /* Music2Tests.swift in Sources */,
			);
			runOnlyForDeploymentPostprocessing = 0;
		};
		AAADCD1127E7A5920077CB34 /* Sources */ = {
			isa = PBXSourcesBuildPhase;
			buildActionMask = 2147483647;
			files = (
				AAADCD1A27E7A5920077CB34 /* Music2UITests.swift in Sources */,
				AAADCD1C27E7A5920077CB34 /* Music2UITestsLaunchTests.swift in Sources */,
			);
			runOnlyForDeploymentPostprocessing = 0;
		};
/* End PBXSourcesBuildPhase section */

/* Begin PBXTargetDependency section */
		AAADCD0D27E7A5910077CB34 /* PBXTargetDependency */ = {
			isa = PBXTargetDependency;
			target = AAADCCF127E7A58E0077CB34 /* Music2 */;
			targetProxy = AAADCD0C27E7A5910077CB34 /* PBXContainerItemProxy */;
		};
		AAADCD1727E7A5920077CB34 /* PBXTargetDependency */ = {
			isa = PBXTargetDependency;
			target = AAADCCF127E7A58E0077CB34 /* Music2 */;
			targetProxy = AAADCD1627E7A5920077CB34 /* PBXContainerItemProxy */;
		};
/* End PBXTargetDependency section */

/* Begin PBXVariantGroup section */
		AAADCCFB27E7A58E0077CB34 /* Main.storyboard */ = {
			isa = PBXVariantGroup;
			children = (
				AAADCCFC27E7A58E0077CB34 /* Base */,
			);
			name = Main.storyboard;
			sourceTree = "<group>";
		};
		AAADCD0327E7A5910077CB34 /* LaunchScreen.storyboard */ = {
			isa = PBXVariantGroup;
			children = (
				AAADCD0427E7A5910077CB34 /* Base */,
			);
			name = LaunchScreen.storyboard;
			sourceTree = "<group>";
		};
/* End PBXVariantGroup section */

/* Begin XCBuildConfiguration section */
		AAADCD1D27E7A5920077CB34 /* Debug */ = {
			isa = XCBuildConfiguration;
			buildSettings = {
				ALWAYS_SEARCH_USER_PATHS = NO;
				CLANG_ANALYZER_NONNULL = YES;
				CLANG_ANALYZER_NUMBER_OBJECT_CONVERSION = YES_AGGRESSIVE;
				CLANG_CXX_LANGUAGE_STANDARD = "gnu++17";
				CLANG_ENABLE_MODULES = YES;
				CLANG_ENABLE_OBJC_ARC = YES;
				CLANG_ENABLE_OBJC_WEAK = YES;
				CLANG_WARN_BLOCK_CAPTURE_AUTORELEASING = YES;
				CLANG_WARN_BOOL_CONVERSION = YES;
				CLANG_WARN_COMMA = YES;
				CLANG_WARN_CONSTANT_CONVERSION = YES;
				CLANG_WARN_DEPRECATED_OBJC_IMPLEMENTATIONS = YES;
				CLANG_WARN_DIRECT_OBJC_ISA_USAGE = YES_ERROR;
				CLANG_WARN_DOCUMENTATION_COMMENTS = YES;
				CLANG_WARN_EMPTY_BODY = YES;
				CLANG_WARN_ENUM_CONVERSION = YES;
				CLANG_WARN_INFINITE_RECURSION = YES;
				CLANG_WARN_INT_CONVERSION = YES;
				CLANG_WARN_NON_LITERAL_NULL_CONVERSION = YES;
				CLANG_WARN_OBJC_IMPLICIT_RETAIN_SELF = YES;
				CLANG_WARN_OBJC_LITERAL_CONVERSION = YES;
				CLANG_WARN_OBJC_ROOT_CLASS = YES_ERROR;
				CLANG_WARN_QUOTED_INCLUDE_IN_FRAMEWORK_HEADER = YES;
				CLANG_WARN_RANGE_LOOP_ANALYSIS = YES;
				CLANG_WARN_STRICT_PROTOTYPES = YES;
				CLANG_WARN_SUSPICIOUS_MOVE = YES;
				CLANG_WARN_UNGUARDED_AVAILABILITY = YES_AGGRESSIVE;
				CLANG_WARN_UNREACHABLE_CODE = YES;
				CLANG_WARN__DUPLICATE_METHOD_MATCH = YES;
				COPY_PHASE_STRIP = NO;
				DEBUG_INFORMATION_FORMAT = dwarf;
				ENABLE_STRICT_OBJC_MSGSEND = YES;
				ENABLE_TESTABILITY = YES;
				GCC_C_LANGUAGE_STANDARD = gnu11;
				GCC_DYNAMIC_NO_PIC = NO;
				GCC_NO_COMMON_BLOCKS = YES;
				GCC_OPTIMIZATION_LEVEL = 0;
				GCC_PREPROCESSOR_DEFINITIONS = (
					"DEBUG=1",
					"$(inherited)",
				);
				GCC_WARN_64_TO_32_BIT_CONVERSION = YES;
				GCC_WARN_ABOUT_RETURN_TYPE = YES_ERROR;
				GCC_WARN_UNDECLARED_SELECTOR = YES;
				GCC_WARN_UNINITIALIZED_AUTOS = YES_AGGRESSIVE;
				GCC_WARN_UNUSED_FUNCTION = YES;
				GCC_WARN_UNUSED_VARIABLE = YES;
				IPHONEOS_DEPLOYMENT_TARGET = 13.0;
				MTL_ENABLE_DEBUG_INFO = INCLUDE_SOURCE;
				MTL_FAST_MATH = YES;
				ONLY_ACTIVE_ARCH = YES;
				SDKROOT = iphoneos;
				SWIFT_ACTIVE_COMPILATION_CONDITIONS = DEBUG;
				SWIFT_OPTIMIZATION_LEVEL = "-Onone";
			};
			name = Debug;
		};
		AAADCD1E27E7A5920077CB34 /* Release */ = {
			isa = XCBuildConfiguration;
			buildSettings = {
				ALWAYS_SEARCH_USER_PATHS = NO;
				CLANG_ANALYZER_NONNULL = YES;
				CLANG_ANALYZER_NUMBER_OBJECT_CONVERSION = YES_AGGRESSIVE;
				CLANG_CXX_LANGUAGE_STANDARD = "gnu++17";
				CLANG_ENABLE_MODULES = YES;
				CLANG_ENABLE_OBJC_ARC = YES;
				CLANG_ENABLE_OBJC_WEAK = YES;
				CLANG_WARN_BLOCK_CAPTURE_AUTORELEASING = YES;
				CLANG_WARN_BOOL_CONVERSION = YES;
				CLANG_WARN_COMMA = YES;
				CLANG_WARN_CONSTANT_CONVERSION = YES;
				CLANG_WARN_DEPRECATED_OBJC_IMPLEMENTATIONS = YES;
				CLANG_WARN_DIRECT_OBJC_ISA_USAGE = YES_ERROR;
				CLANG_WARN_DOCUMENTATION_COMMENTS = YES;
				CLANG_WARN_EMPTY_BODY = YES;
				CLANG_WARN_ENUM_CONVERSION = YES;
				CLANG_WARN_INFINITE_RECURSION = YES;
				CLANG_WARN_INT_CONVERSION = YES;
				CLANG_WARN_NON_LITERAL_NULL_CONVERSION = YES;
				CLANG_WARN_OBJC_IMPLICIT_RETAIN_SELF = YES;
				CLANG_WARN_OBJC_LITERAL_CONVERSION = YES;
				CLANG_WARN_OBJC_ROOT_CLASS = YES_ERROR;
				CLANG_WARN_QUOTED_INCLUDE_IN_FRAMEWORK_HEADER = YES;
				CLANG_WARN_RANGE_LOOP_ANALYSIS = YES;
				CLANG_WARN_STRICT_PROTOTYPES = YES;
				CLANG_WARN_SUSPICIOUS_MOVE = YES;
				CLANG_WARN_UNGUARDED_AVAILABILITY = YES_AGGRESSIVE;
				CLANG_WARN_UNREACHABLE_CODE = YES;
				CLANG_WARN__DUPLICATE_METHOD_MATCH = YES;
				COPY_PHASE_STRIP = NO;
				DEBUG_INFORMATION_FORMAT = "dwarf-with-dsym";
				ENABLE_NS_ASSERTIONS = NO;
				ENABLE_STRICT_OBJC_MSGSEND = YES;
				GCC_C_LANGUAGE_STANDARD = gnu11;
				GCC_NO_COMMON_BLOCKS = YES;
				GCC_WARN_64_TO_32_BIT_CONVERSION = YES;
				GCC_WARN_ABOUT_RETURN_TYPE = YES_ERROR;
				GCC_WARN_UNDECLARED_SELECTOR = YES;
				GCC_WARN_UNINITIALIZED_AUTOS = YES_AGGRESSIVE;
				GCC_WARN_UNUSED_FUNCTION = YES;
				GCC_WARN_UNUSED_VARIABLE = YES;
				IPHONEOS_DEPLOYMENT_TARGET = 13.0;
				MTL_ENABLE_DEBUG_INFO = NO;
				MTL_FAST_MATH = YES;
				SDKROOT = iphoneos;
				SWIFT_COMPILATION_MODE = wholemodule;
				SWIFT_OPTIMIZATION_LEVEL = "-O";
				VALIDATE_PRODUCT = YES;
			};
			name = Release;
		};
		AAADCD2027E7A5920077CB34 /* Debug */ = {
			isa = XCBuildConfiguration;
			buildSettings = {
				ASSETCATALOG_COMPILER_APPICON_NAME = AppIcon;
				ASSETCATALOG_COMPILER_GLOBAL_ACCENT_COLOR_NAME = AccentColor;
				CODE_SIGN_ENTITLEMENTS = Music2/Music2.entitlements;
				CODE_SIGN_STYLE = Automatic;
				CURRENT_PROJECT_VERSION = 1;
				DEVELOPMENT_TEAM = 4VS3XAPXTV;
				GENERATE_INFOPLIST_FILE = YES;
				INFOPLIST_FILE = Music2/Info.plist;
				INFOPLIST_KEY_UIApplicationSupportsIndirectInputEvents = YES;
				INFOPLIST_KEY_UILaunchStoryboardName = LaunchScreen;
				INFOPLIST_KEY_UIMainStoryboardFile = Main;
				INFOPLIST_KEY_UISupportedInterfaceOrientations_iPad = "UIInterfaceOrientationPortrait UIInterfaceOrientationPortraitUpsideDown UIInterfaceOrientationLandscapeLeft UIInterfaceOrientationLandscapeRight";
				INFOPLIST_KEY_UISupportedInterfaceOrientations_iPhone = "UIInterfaceOrientationPortrait UIInterfaceOrientationLandscapeLeft UIInterfaceOrientationLandscapeRight";
				IPHONEOS_DEPLOYMENT_TARGET = 13.0;
				LD_RUNPATH_SEARCH_PATHS = (
					"$(inherited)",
					"@executable_path/Frameworks",
				);
				MARKETING_VERSION = 1.0;
				PRODUCT_BUNDLE_IDENTIFIER = com.3BrainCells.Music2;
				PRODUCT_NAME = "$(TARGET_NAME)";
				SWIFT_EMIT_LOC_STRINGS = YES;
				SWIFT_VERSION = 5.0;
				TARGETED_DEVICE_FAMILY = "1,2";
			};
			name = Debug;
		};
		AAADCD2127E7A5920077CB34 /* Release */ = {
			isa = XCBuildConfiguration;
			buildSettings = {
				ASSETCATALOG_COMPILER_APPICON_NAME = AppIcon;
				ASSETCATALOG_COMPILER_GLOBAL_ACCENT_COLOR_NAME = AccentColor;
				CODE_SIGN_ENTITLEMENTS = Music2/Music2.entitlements;
				CODE_SIGN_STYLE = Automatic;
				CURRENT_PROJECT_VERSION = 1;
				DEVELOPMENT_TEAM = 4VS3XAPXTV;
				GENERATE_INFOPLIST_FILE = YES;
				INFOPLIST_FILE = Music2/Info.plist;
				INFOPLIST_KEY_UIApplicationSupportsIndirectInputEvents = YES;
				INFOPLIST_KEY_UILaunchStoryboardName = LaunchScreen;
				INFOPLIST_KEY_UIMainStoryboardFile = Main;
				INFOPLIST_KEY_UISupportedInterfaceOrientations_iPad = "UIInterfaceOrientationPortrait UIInterfaceOrientationPortraitUpsideDown UIInterfaceOrientationLandscapeLeft UIInterfaceOrientationLandscapeRight";
				INFOPLIST_KEY_UISupportedInterfaceOrientations_iPhone = "UIInterfaceOrientationPortrait UIInterfaceOrientationLandscapeLeft UIInterfaceOrientationLandscapeRight";
				IPHONEOS_DEPLOYMENT_TARGET = 13.0;
				LD_RUNPATH_SEARCH_PATHS = (
					"$(inherited)",
					"@executable_path/Frameworks",
				);
				MARKETING_VERSION = 1.0;
				PRODUCT_BUNDLE_IDENTIFIER = com.3BrainCells.Music2;
				PRODUCT_NAME = "$(TARGET_NAME)";
				SWIFT_EMIT_LOC_STRINGS = YES;
				SWIFT_VERSION = 5.0;
				TARGETED_DEVICE_FAMILY = "1,2";
			};
			name = Release;
		};
		AAADCD2327E7A5920077CB34 /* Debug */ = {
			isa = XCBuildConfiguration;
			buildSettings = {
				ALWAYS_EMBED_SWIFT_STANDARD_LIBRARIES = YES;
				BUNDLE_LOADER = "$(TEST_HOST)";
				CODE_SIGN_STYLE = Automatic;
				CURRENT_PROJECT_VERSION = 1;
				DEVELOPMENT_TEAM = 4VS3XAPXTV;
				GENERATE_INFOPLIST_FILE = YES;
				IPHONEOS_DEPLOYMENT_TARGET = 15.4;
				MARKETING_VERSION = 1.0;
				PRODUCT_BUNDLE_IDENTIFIER = com.3BrainCells.Music2Tests;
				PRODUCT_NAME = "$(TARGET_NAME)";
				SWIFT_EMIT_LOC_STRINGS = NO;
				SWIFT_VERSION = 5.0;
				TARGETED_DEVICE_FAMILY = "1,2";
				TEST_HOST = "$(BUILT_PRODUCTS_DIR)/Music2.app/Music2";
			};
			name = Debug;
		};
		AAADCD2427E7A5920077CB34 /* Release */ = {
			isa = XCBuildConfiguration;
			buildSettings = {
				ALWAYS_EMBED_SWIFT_STANDARD_LIBRARIES = YES;
				BUNDLE_LOADER = "$(TEST_HOST)";
				CODE_SIGN_STYLE = Automatic;
				CURRENT_PROJECT_VERSION = 1;
				DEVELOPMENT_TEAM = 4VS3XAPXTV;
				GENERATE_INFOPLIST_FILE = YES;
				IPHONEOS_DEPLOYMENT_TARGET = 15.4;
				MARKETING_VERSION = 1.0;
				PRODUCT_BUNDLE_IDENTIFIER = com.3BrainCells.Music2Tests;
				PRODUCT_NAME = "$(TARGET_NAME)";
				SWIFT_EMIT_LOC_STRINGS = NO;
				SWIFT_VERSION = 5.0;
				TARGETED_DEVICE_FAMILY = "1,2";
				TEST_HOST = "$(BUILT_PRODUCTS_DIR)/Music2.app/Music2";
			};
			name = Release;
		};
		AAADCD2627E7A5920077CB34 /* Debug */ = {
			isa = XCBuildConfiguration;
			buildSettings = {
				ALWAYS_EMBED_SWIFT_STANDARD_LIBRARIES = YES;
				CODE_SIGN_STYLE = Automatic;
				CURRENT_PROJECT_VERSION = 1;
				DEVELOPMENT_TEAM = 4VS3XAPXTV;
				GENERATE_INFOPLIST_FILE = YES;
				MARKETING_VERSION = 1.0;
				PRODUCT_BUNDLE_IDENTIFIER = com.3BrainCells.Music2UITests;
				PRODUCT_NAME = "$(TARGET_NAME)";
				SWIFT_EMIT_LOC_STRINGS = NO;
				SWIFT_VERSION = 5.0;
				TARGETED_DEVICE_FAMILY = "1,2";
				TEST_TARGET_NAME = Music2;
			};
			name = Debug;
		};
		AAADCD2727E7A5920077CB34 /* Release */ = {
			isa = XCBuildConfiguration;
			buildSettings = {
				ALWAYS_EMBED_SWIFT_STANDARD_LIBRARIES = YES;
				CODE_SIGN_STYLE = Automatic;
				CURRENT_PROJECT_VERSION = 1;
				DEVELOPMENT_TEAM = 4VS3XAPXTV;
				GENERATE_INFOPLIST_FILE = YES;
				MARKETING_VERSION = 1.0;
				PRODUCT_BUNDLE_IDENTIFIER = com.3BrainCells.Music2UITests;
				PRODUCT_NAME = "$(TARGET_NAME)";
				SWIFT_EMIT_LOC_STRINGS = NO;
				SWIFT_VERSION = 5.0;
				TARGETED_DEVICE_FAMILY = "1,2";
				TEST_TARGET_NAME = Music2;
			};
			name = Release;
		};
/* End XCBuildConfiguration section */

/* Begin XCConfigurationList section */
		AAADCCED27E7A58E0077CB34 /* Build configuration list for PBXProject "Music2" */ = {
			isa = XCConfigurationList;
			buildConfigurations = (
				AAADCD1D27E7A5920077CB34 /* Debug */,
				AAADCD1E27E7A5920077CB34 /* Release */,
			);
			defaultConfigurationIsVisible = 0;
			defaultConfigurationName = Release;
		};
		AAADCD1F27E7A5920077CB34 /* Build configuration list for PBXNativeTarget "Music2" */ = {
			isa = XCConfigurationList;
			buildConfigurations = (
				AAADCD2027E7A5920077CB34 /* Debug */,
				AAADCD2127E7A5920077CB34 /* Release */,
			);
			defaultConfigurationIsVisible = 0;
			defaultConfigurationName = Release;
		};
		AAADCD2227E7A5920077CB34 /* Build configuration list for PBXNativeTarget "Music2Tests" */ = {
			isa = XCConfigurationList;
			buildConfigurations = (
				AAADCD2327E7A5920077CB34 /* Debug */,
				AAADCD2427E7A5920077CB34 /* Release */,
			);
			defaultConfigurationIsVisible = 0;
			defaultConfigurationName = Release;
		};
		AAADCD2527E7A5920077CB34 /* Build configuration list for PBXNativeTarget "Music2UITests" */ = {
			isa = XCConfigurationList;
			buildConfigurations = (
				AAADCD2627E7A5920077CB34 /* Debug */,
				AAADCD2727E7A5920077CB34 /* Release */,
			);
			defaultConfigurationIsVisible = 0;
			defaultConfigurationName = Release;
		};
/* End XCConfigurationList section */

/* Begin XCRemoteSwiftPackageReference section */
		EE2428B827EA2EEE00A754AF /* XCRemoteSwiftPackageReference "firebase-ios-sdk" */ = {
			isa = XCRemoteSwiftPackageReference;
			repositoryURL = "https://github.com/firebase/firebase-ios-sdk";
			requirement = {
				kind = upToNextMajorVersion;
				minimumVersion = 8.0.0;
			};
		};
/* End XCRemoteSwiftPackageReference section */

/* Begin XCSwiftPackageProductDependency section */
		EE2428B927EA2EEE00A754AF /* FirebaseAnalytics */ = {
			isa = XCSwiftPackageProductDependency;
			package = EE2428B827EA2EEE00A754AF /* XCRemoteSwiftPackageReference "firebase-ios-sdk" */;
			productName = FirebaseAnalytics;
		};
		EE2428BB27EA2EEE00A754AF /* FirebaseAuth */ = {
			isa = XCSwiftPackageProductDependency;
			package = EE2428B827EA2EEE00A754AF /* XCRemoteSwiftPackageReference "firebase-ios-sdk" */;
			productName = FirebaseAuth;
		};
		EE2428BD27EA2EEE00A754AF /* FirebaseDatabase */ = {
			isa = XCSwiftPackageProductDependency;
			package = EE2428B827EA2EEE00A754AF /* XCRemoteSwiftPackageReference "firebase-ios-sdk" */;
			productName = FirebaseDatabase;
		};
/* End XCSwiftPackageProductDependency section */

/* Begin XCVersionGroup section */
		AAADCCFE27E7A58E0077CB34 /* Music2.xcdatamodeld */ = {
			isa = XCVersionGroup;
			children = (
				AAADCCFF27E7A58E0077CB34 /* Music2.xcdatamodel */,
			);
			currentVersion = AAADCCFF27E7A58E0077CB34 /* Music2.xcdatamodel */;
			path = Music2.xcdatamodeld;
			sourceTree = "<group>";
			versionGroupType = wrapper.xcdatamodel;
		};
/* End XCVersionGroup section */
	};
	rootObject = AAADCCEA27E7A58E0077CB34 /* Project object */;
}
