// !$*UTF8*$!
{
	archiveVersion = 1;
	classes = {
	};
	objectVersion = 55;
	objects = {

/* Begin PBXBuildFile section */
		254427EC27EE7D5A008198D1 /* profileViewController.swift in Sources */ = {isa = PBXBuildFile; fileRef = 254427EB27EE7D5A008198D1 /* profileViewController.swift */; };
		254427EE27EE7F7A008198D1 /* genreCollectionViewCell.swift in Sources */ = {isa = PBXBuildFile; fileRef = 254427ED27EE7F7A008198D1 /* genreCollectionViewCell.swift */; };
		254427F027EE7F8A008198D1 /* postsCollectionViewCell.swift in Sources */ = {isa = PBXBuildFile; fileRef = 254427EF27EE7F8A008198D1 /* postsCollectionViewCell.swift */; };
		25741ED828060B3E00C5FB23 /* editViewController.swift in Sources */ = {isa = PBXBuildFile; fileRef = 25741ED628060B3E00C5FB23 /* editViewController.swift */; };
		25C42D5627E7FD7300C9C14A /* postViewController.swift in Sources */ = {isa = PBXBuildFile; fileRef = 25C42D5527E7FD7300C9C14A /* postViewController.swift */; };
		25E218F82811D41F0077ABC3 /* homeCommentsViewController.swift in Sources */ = {isa = PBXBuildFile; fileRef = 25E218F72811D41F0077ABC3 /* homeCommentsViewController.swift */; };
		25E218FA2811D4310077ABC3 /* userProfileViewController.swift in Sources */ = {isa = PBXBuildFile; fileRef = 25E218F92811D4310077ABC3 /* userProfileViewController.swift */; };
		25E218FC2811D4560077ABC3 /* songViewController.swift in Sources */ = {isa = PBXBuildFile; fileRef = 25E218FB2811D4560077ABC3 /* songViewController.swift */; };
		25F1E56F2802318000B891DF /* welcomeViewController.swift in Sources */ = {isa = PBXBuildFile; fileRef = 25F1E56E2802318000B891DF /* welcomeViewController.swift */; };
		25F1E5732805EAD600B891DF /* videoCommentsViewController.swift in Sources */ = {isa = PBXBuildFile; fileRef = 25F1E5722805EAD600B891DF /* videoCommentsViewController.swift */; };
		A721DA9907EC69912CAB0B61 /* Pods_Music2Tests.framework in Frameworks */ = {isa = PBXBuildFile; fileRef = 782BDE178D9065D7A64D2C89 /* Pods_Music2Tests.framework */; };
		AA92D16E281B5A5600BE2BFB /* HomeCommentCell.swift in Sources */ = {isa = PBXBuildFile; fileRef = AA92D16D281B5A5600BE2BFB /* HomeCommentCell.swift */; };
		AAADCCF627E7A58E0077CB34 /* AppDelegate.swift in Sources */ = {isa = PBXBuildFile; fileRef = AAADCCF527E7A58E0077CB34 /* AppDelegate.swift */; };
		AAADCCF827E7A58E0077CB34 /* SceneDelegate.swift in Sources */ = {isa = PBXBuildFile; fileRef = AAADCCF727E7A58E0077CB34 /* SceneDelegate.swift */; };
		AAADCCFD27E7A58E0077CB34 /* Main.storyboard in Resources */ = {isa = PBXBuildFile; fileRef = AAADCCFB27E7A58E0077CB34 /* Main.storyboard */; };
		AAADCD0027E7A58E0077CB34 /* Music2.xcdatamodeld in Sources */ = {isa = PBXBuildFile; fileRef = AAADCCFE27E7A58E0077CB34 /* Music2.xcdatamodeld */; };
		AAADCD0227E7A5910077CB34 /* Assets.xcassets in Resources */ = {isa = PBXBuildFile; fileRef = AAADCD0127E7A5910077CB34 /* Assets.xcassets */; };
		AAADCD0527E7A5910077CB34 /* LaunchScreen.storyboard in Resources */ = {isa = PBXBuildFile; fileRef = AAADCD0327E7A5910077CB34 /* LaunchScreen.storyboard */; };
		AAADCD1027E7A5910077CB34 /* Music2Tests.swift in Sources */ = {isa = PBXBuildFile; fileRef = AAADCD0F27E7A5910077CB34 /* Music2Tests.swift */; };
		AAADCD1A27E7A5920077CB34 /* Music2UITests.swift in Sources */ = {isa = PBXBuildFile; fileRef = AAADCD1927E7A5920077CB34 /* Music2UITests.swift */; };
		AAADCD1C27E7A5920077CB34 /* Music2UITestsLaunchTests.swift in Sources */ = {isa = PBXBuildFile; fileRef = AAADCD1B27E7A5920077CB34 /* Music2UITestsLaunchTests.swift */; };
		AAADCD3D27E811BC0077CB34 /* UserStruct.swift in Sources */ = {isa = PBXBuildFile; fileRef = AAADCD3C27E811BC0077CB34 /* UserStruct.swift */; };
		AAADCD8927F26FE80077CB34 /* swipeViewController.swift in Sources */ = {isa = PBXBuildFile; fileRef = AAADCD8827F26FE80077CB34 /* swipeViewController.swift */; };
		C5E51134E16BC36C3DF00FDE /* Pods_Music2_Music2UITests.framework in Frameworks */ = {isa = PBXBuildFile; fileRef = B65C0FBCBA1712F0FED5AD9E /* Pods_Music2_Music2UITests.framework */; };
		D2E5F6043237F450289AF413 /* Pods_Music2.framework in Frameworks */ = {isa = PBXBuildFile; fileRef = 46F27C0800CE832FE4EE6053 /* Pods_Music2.framework */; };
		EE28469C27F3B15300633677 /* PlayerViewClass.swift in Sources */ = {isa = PBXBuildFile; fileRef = EE28469B27F3B15300633677 /* PlayerViewClass.swift */; };
		EE3131D42813208F00F023F7 /* PostScreenCell.swift in Sources */ = {isa = PBXBuildFile; fileRef = EE3131D32813208F00F023F7 /* PostScreenCell.swift */; };
		EE31F0A12820565D00C06F8F /* UsersGenresCollectionViewCell.swift in Sources */ = {isa = PBXBuildFile; fileRef = EE31F0A02820565D00C06F8F /* UsersGenresCollectionViewCell.swift */; };
		EE31F0A72820689100C06F8F /* PostsCollectionViewCell.swift in Sources */ = {isa = PBXBuildFile; fileRef = EE31F0A62820689100C06F8F /* PostsCollectionViewCell.swift */; };
		EE380F2A27FA6B2900ADF3A1 /* DropDownCell.swift in Sources */ = {isa = PBXBuildFile; fileRef = EE380F2827FA6B2900ADF3A1 /* DropDownCell.swift */; };
		EE380F2B27FA6B2900ADF3A1 /* DropDownCell.xib in Resources */ = {isa = PBXBuildFile; fileRef = EE380F2927FA6B2900ADF3A1 /* DropDownCell.xib */; };
		EE72603727F0F4100083A171 /* AlamofireImage in Frameworks */ = {isa = PBXBuildFile; productRef = EE72603627F0F4100083A171 /* AlamofireImage */; };
		EE9507D827EFBEE90098FD6C /* rock.png in Resources */ = {isa = PBXBuildFile; fileRef = EE9507D727EFBEE90098FD6C /* rock.png */; };
		EEA6BD2B2806354400E04300 /* videoCommentCell.swift in Sources */ = {isa = PBXBuildFile; fileRef = EEA6BD2A2806354400E04300 /* videoCommentCell.swift */; };
		EEC7BF2727E7B40200A882F6 /* message.png in Resources */ = {isa = PBXBuildFile; fileRef = EEC7BF2427E7B40100A882F6 /* message.png */; };
		EEC7BF2827E7B40200A882F6 /* logo.png in Resources */ = {isa = PBXBuildFile; fileRef = EEC7BF2527E7B40200A882F6 /* logo.png */; };
		EEC7BF2927E7B40200A882F6 /* love.png in Resources */ = {isa = PBXBuildFile; fileRef = EEC7BF2627E7B40200A882F6 /* love.png */; };
		EEC7BF2B27E7B46700A882F6 /* signInViewController.swift in Sources */ = {isa = PBXBuildFile; fileRef = EEC7BF2A27E7B46700A882F6 /* signInViewController.swift */; };
		EEC7BF3127E7E7F200A882F6 /* MusicVideosViewController.swift in Sources */ = {isa = PBXBuildFile; fileRef = EEC7BF3027E7E7F200A882F6 /* MusicVideosViewController.swift */; };
		EEC7BF3327E7E81D00A882F6 /* HomeViewController.swift in Sources */ = {isa = PBXBuildFile; fileRef = EEC7BF3227E7E81D00A882F6 /* HomeViewController.swift */; };
		EEC7BF3527E7E8BB00A882F6 /* MusicVideosCell.swift in Sources */ = {isa = PBXBuildFile; fileRef = EEC7BF3427E7E8BB00A882F6 /* MusicVideosCell.swift */; };
		EEC7BF3727E7F22700A882F6 /* HomeCell.swift in Sources */ = {isa = PBXBuildFile; fileRef = EEC7BF3627E7F22700A882F6 /* HomeCell.swift */; };
/* End PBXBuildFile section */

/* Begin PBXContainerItemProxy section */
		AAADCD0C27E7A5910077CB34 /* PBXContainerItemProxy */ = {
			isa = PBXContainerItemProxy;
			containerPortal = AAADCCEA27E7A58E0077CB34 /* Project object */;
			proxyType = 1;
			remoteGlobalIDString = AAADCCF127E7A58E0077CB34;
			remoteInfo = Music2;
		};
		AAADCD1627E7A5920077CB34 /* PBXContainerItemProxy */ = {
			isa = PBXContainerItemProxy;
			containerPortal = AAADCCEA27E7A58E0077CB34 /* Project object */;
			proxyType = 1;
			remoteGlobalIDString = AAADCCF127E7A58E0077CB34;
			remoteInfo = Music2;
		};
/* End PBXContainerItemProxy section */

/* Begin PBXFileReference section */
		0D1143DE614A96CA28BC69C6 /* Pods-Music2-Music2UITests.release.xcconfig */ = {isa = PBXFileReference; includeInIndex = 1; lastKnownFileType = text.xcconfig; name = "Pods-Music2-Music2UITests.release.xcconfig"; path = "Target Support Files/Pods-Music2-Music2UITests/Pods-Music2-Music2UITests.release.xcconfig"; sourceTree = "<group>"; };
		14F46E7531E9CB6B79A5F752 /* Pods-Music2.release.xcconfig */ = {isa = PBXFileReference; includeInIndex = 1; lastKnownFileType = text.xcconfig; name = "Pods-Music2.release.xcconfig"; path = "Target Support Files/Pods-Music2/Pods-Music2.release.xcconfig"; sourceTree = "<group>"; };
		254427EB27EE7D5A008198D1 /* profileViewController.swift */ = {isa = PBXFileReference; lastKnownFileType = sourcecode.swift; path = profileViewController.swift; sourceTree = "<group>"; xcLanguageSpecificationIdentifier = xcode.lang.swift; };
		254427ED27EE7F7A008198D1 /* genreCollectionViewCell.swift */ = {isa = PBXFileReference; lastKnownFileType = sourcecode.swift; path = genreCollectionViewCell.swift; sourceTree = "<group>"; };
		254427EF27EE7F8A008198D1 /* postsCollectionViewCell.swift */ = {isa = PBXFileReference; lastKnownFileType = sourcecode.swift; path = postsCollectionViewCell.swift; sourceTree = "<group>"; };
		25741ED628060B3E00C5FB23 /* editViewController.swift */ = {isa = PBXFileReference; lastKnownFileType = sourcecode.swift; path = editViewController.swift; sourceTree = "<group>"; };
		25C42D5527E7FD7300C9C14A /* postViewController.swift */ = {isa = PBXFileReference; lastKnownFileType = sourcecode.swift; path = postViewController.swift; sourceTree = "<group>"; };
		25E218F72811D41F0077ABC3 /* homeCommentsViewController.swift */ = {isa = PBXFileReference; lastKnownFileType = sourcecode.swift; path = homeCommentsViewController.swift; sourceTree = "<group>"; };
		25E218F92811D4310077ABC3 /* userProfileViewController.swift */ = {isa = PBXFileReference; lastKnownFileType = sourcecode.swift; path = userProfileViewController.swift; sourceTree = "<group>"; };
		25E218FB2811D4560077ABC3 /* songViewController.swift */ = {isa = PBXFileReference; lastKnownFileType = sourcecode.swift; path = songViewController.swift; sourceTree = "<group>"; };
		25F1E56E2802318000B891DF /* welcomeViewController.swift */ = {isa = PBXFileReference; lastKnownFileType = sourcecode.swift; path = welcomeViewController.swift; sourceTree = "<group>"; };
		25F1E5722805EAD600B891DF /* videoCommentsViewController.swift */ = {isa = PBXFileReference; lastKnownFileType = sourcecode.swift; path = videoCommentsViewController.swift; sourceTree = "<group>"; };
		46F27C0800CE832FE4EE6053 /* Pods_Music2.framework */ = {isa = PBXFileReference; explicitFileType = wrapper.framework; includeInIndex = 0; path = Pods_Music2.framework; sourceTree = BUILT_PRODUCTS_DIR; };
		782BDE178D9065D7A64D2C89 /* Pods_Music2Tests.framework */ = {isa = PBXFileReference; explicitFileType = wrapper.framework; includeInIndex = 0; path = Pods_Music2Tests.framework; sourceTree = BUILT_PRODUCTS_DIR; };
		7C461D8C7C192D7BAF4F7731 /* Pods-Music2Tests.release.xcconfig */ = {isa = PBXFileReference; includeInIndex = 1; lastKnownFileType = text.xcconfig; name = "Pods-Music2Tests.release.xcconfig"; path = "Target Support Files/Pods-Music2Tests/Pods-Music2Tests.release.xcconfig"; sourceTree = "<group>"; };
		8CA0D52791760A124B66C52F /* Pods-Music2Tests.debug.xcconfig */ = {isa = PBXFileReference; includeInIndex = 1; lastKnownFileType = text.xcconfig; name = "Pods-Music2Tests.debug.xcconfig"; path = "Target Support Files/Pods-Music2Tests/Pods-Music2Tests.debug.xcconfig"; sourceTree = "<group>"; };
		8F9BD356DFCD64B7DEDD61AB /* Pods-Music2-Music2UITests.debug.xcconfig */ = {isa = PBXFileReference; includeInIndex = 1; lastKnownFileType = text.xcconfig; name = "Pods-Music2-Music2UITests.debug.xcconfig"; path = "Target Support Files/Pods-Music2-Music2UITests/Pods-Music2-Music2UITests.debug.xcconfig"; sourceTree = "<group>"; };
		AA92D16D281B5A5600BE2BFB /* HomeCommentCell.swift */ = {isa = PBXFileReference; lastKnownFileType = sourcecode.swift; path = HomeCommentCell.swift; sourceTree = "<group>"; };
		AAADCCF227E7A58E0077CB34 /* Music2.app */ = {isa = PBXFileReference; explicitFileType = wrapper.application; includeInIndex = 0; path = Music2.app; sourceTree = BUILT_PRODUCTS_DIR; };
		AAADCCF527E7A58E0077CB34 /* AppDelegate.swift */ = {isa = PBXFileReference; lastKnownFileType = sourcecode.swift; path = AppDelegate.swift; sourceTree = "<group>"; };
		AAADCCF727E7A58E0077CB34 /* SceneDelegate.swift */ = {isa = PBXFileReference; lastKnownFileType = sourcecode.swift; path = SceneDelegate.swift; sourceTree = "<group>"; };
		AAADCCFC27E7A58E0077CB34 /* Base */ = {isa = PBXFileReference; lastKnownFileType = file.storyboard; name = Base; path = Base.lproj/Main.storyboard; sourceTree = "<group>"; };
		AAADCCFF27E7A58E0077CB34 /* Music2.xcdatamodel */ = {isa = PBXFileReference; lastKnownFileType = wrapper.xcdatamodel; path = Music2.xcdatamodel; sourceTree = "<group>"; };
		AAADCD0127E7A5910077CB34 /* Assets.xcassets */ = {isa = PBXFileReference; lastKnownFileType = folder.assetcatalog; path = Assets.xcassets; sourceTree = "<group>"; };
		AAADCD0427E7A5910077CB34 /* Base */ = {isa = PBXFileReference; lastKnownFileType = file.storyboard; name = Base; path = Base.lproj/LaunchScreen.storyboard; sourceTree = "<group>"; };
		AAADCD0627E7A5910077CB34 /* Info.plist */ = {isa = PBXFileReference; lastKnownFileType = text.plist.xml; path = Info.plist; sourceTree = "<group>"; };
		AAADCD0B27E7A5910077CB34 /* Music2Tests.xctest */ = {isa = PBXFileReference; explicitFileType = wrapper.cfbundle; includeInIndex = 0; path = Music2Tests.xctest; sourceTree = BUILT_PRODUCTS_DIR; };
		AAADCD0F27E7A5910077CB34 /* Music2Tests.swift */ = {isa = PBXFileReference; lastKnownFileType = sourcecode.swift; path = Music2Tests.swift; sourceTree = "<group>"; };
		AAADCD1527E7A5920077CB34 /* Music2UITests.xctest */ = {isa = PBXFileReference; explicitFileType = wrapper.cfbundle; includeInIndex = 0; path = Music2UITests.xctest; sourceTree = BUILT_PRODUCTS_DIR; };
		AAADCD1927E7A5920077CB34 /* Music2UITests.swift */ = {isa = PBXFileReference; lastKnownFileType = sourcecode.swift; path = Music2UITests.swift; sourceTree = "<group>"; };
		AAADCD1B27E7A5920077CB34 /* Music2UITestsLaunchTests.swift */ = {isa = PBXFileReference; lastKnownFileType = sourcecode.swift; path = Music2UITestsLaunchTests.swift; sourceTree = "<group>"; };
		AAADCD3B27E810F40077CB34 /* Music2.entitlements */ = {isa = PBXFileReference; lastKnownFileType = text.plist.entitlements; path = Music2.entitlements; sourceTree = "<group>"; };
		AAADCD3C27E811BC0077CB34 /* UserStruct.swift */ = {isa = PBXFileReference; lastKnownFileType = sourcecode.swift; path = UserStruct.swift; sourceTree = "<group>"; };
		AAADCD8827F26FE80077CB34 /* swipeViewController.swift */ = {isa = PBXFileReference; lastKnownFileType = sourcecode.swift; path = swipeViewController.swift; sourceTree = "<group>"; };
		B65C0FBCBA1712F0FED5AD9E /* Pods_Music2_Music2UITests.framework */ = {isa = PBXFileReference; explicitFileType = wrapper.framework; includeInIndex = 0; path = Pods_Music2_Music2UITests.framework; sourceTree = BUILT_PRODUCTS_DIR; };
		D82320016FA93CDA8DD8982F /* Pods-Music2.debug.xcconfig */ = {isa = PBXFileReference; includeInIndex = 1; lastKnownFileType = text.xcconfig; name = "Pods-Music2.debug.xcconfig"; path = "Target Support Files/Pods-Music2/Pods-Music2.debug.xcconfig"; sourceTree = "<group>"; };
		EE28469B27F3B15300633677 /* PlayerViewClass.swift */ = {isa = PBXFileReference; lastKnownFileType = sourcecode.swift; path = PlayerViewClass.swift; sourceTree = "<group>"; };
		EE3131D32813208F00F023F7 /* PostScreenCell.swift */ = {isa = PBXFileReference; lastKnownFileType = sourcecode.swift; path = PostScreenCell.swift; sourceTree = "<group>"; };
		EE31F0A02820565D00C06F8F /* UsersGenresCollectionViewCell.swift */ = {isa = PBXFileReference; lastKnownFileType = sourcecode.swift; path = UsersGenresCollectionViewCell.swift; sourceTree = "<group>"; };
		EE31F0A62820689100C06F8F /* PostsCollectionViewCell.swift */ = {isa = PBXFileReference; lastKnownFileType = sourcecode.swift; path = PostsCollectionViewCell.swift; sourceTree = "<group>"; };
		EE380F2827FA6B2900ADF3A1 /* DropDownCell.swift */ = {isa = PBXFileReference; lastKnownFileType = sourcecode.swift; path = DropDownCell.swift; sourceTree = "<group>"; };
		EE380F2927FA6B2900ADF3A1 /* DropDownCell.xib */ = {isa = PBXFileReference; lastKnownFileType = file.xib; path = DropDownCell.xib; sourceTree = "<group>"; };
		EE9507D727EFBEE90098FD6C /* rock.png */ = {isa = PBXFileReference; lastKnownFileType = image.png; path = rock.png; sourceTree = "<group>"; };
		EEA6BD2A2806354400E04300 /* videoCommentCell.swift */ = {isa = PBXFileReference; lastKnownFileType = sourcecode.swift; path = videoCommentCell.swift; sourceTree = "<group>"; };
		EEC7BF2427E7B40100A882F6 /* message.png */ = {isa = PBXFileReference; lastKnownFileType = image.png; path = message.png; sourceTree = "<group>"; };
		EEC7BF2527E7B40200A882F6 /* logo.png */ = {isa = PBXFileReference; lastKnownFileType = image.png; path = logo.png; sourceTree = "<group>"; };
		EEC7BF2627E7B40200A882F6 /* love.png */ = {isa = PBXFileReference; lastKnownFileType = image.png; path = love.png; sourceTree = "<group>"; };
		EEC7BF2A27E7B46700A882F6 /* signInViewController.swift */ = {isa = PBXFileReference; lastKnownFileType = sourcecode.swift; path = signInViewController.swift; sourceTree = "<group>"; };
		EEC7BF3027E7E7F200A882F6 /* MusicVideosViewController.swift */ = {isa = PBXFileReference; lastKnownFileType = sourcecode.swift; path = MusicVideosViewController.swift; sourceTree = "<group>"; };
		EEC7BF3227E7E81D00A882F6 /* HomeViewController.swift */ = {isa = PBXFileReference; lastKnownFileType = sourcecode.swift; path = HomeViewController.swift; sourceTree = "<group>"; };
		EEC7BF3427E7E8BB00A882F6 /* MusicVideosCell.swift */ = {isa = PBXFileReference; lastKnownFileType = sourcecode.swift; path = MusicVideosCell.swift; sourceTree = "<group>"; };
		EEC7BF3627E7F22700A882F6 /* HomeCell.swift */ = {isa = PBXFileReference; lastKnownFileType = sourcecode.swift; path = HomeCell.swift; sourceTree = "<group>"; };
/* End PBXFileReference section */

/* Begin PBXFrameworksBuildPhase section */
		AAADCCEF27E7A58E0077CB34 /* Frameworks */ = {
			isa = PBXFrameworksBuildPhase;
			buildActionMask = 2147483647;
			files = (
				EE72603727F0F4100083A171 /* AlamofireImage in Frameworks */,
				D2E5F6043237F450289AF413 /* Pods_Music2.framework in Frameworks */,
			);
			runOnlyForDeploymentPostprocessing = 0;
		};
		AAADCD0827E7A5910077CB34 /* Frameworks */ = {
			isa = PBXFrameworksBuildPhase;
			buildActionMask = 2147483647;
			files = (
				A721DA9907EC69912CAB0B61 /* Pods_Music2Tests.framework in Frameworks */,
			);
			runOnlyForDeploymentPostprocessing = 0;
		};
		AAADCD1227E7A5920077CB34 /* Frameworks */ = {
			isa = PBXFrameworksBuildPhase;
			buildActionMask = 2147483647;
			files = (
				C5E51134E16BC36C3DF00FDE /* Pods_Music2_Music2UITests.framework in Frameworks */,
			);
			runOnlyForDeploymentPostprocessing = 0;
		};
/* End PBXFrameworksBuildPhase section */

/* Begin PBXGroup section */
		641EC123B813413A39BC5924 /* Frameworks */ = {
			isa = PBXGroup;
			children = (
				46F27C0800CE832FE4EE6053 /* Pods_Music2.framework */,
				B65C0FBCBA1712F0FED5AD9E /* Pods_Music2_Music2UITests.framework */,
				782BDE178D9065D7A64D2C89 /* Pods_Music2Tests.framework */,
			);
			name = Frameworks;
			sourceTree = "<group>";
		};
		AAADCCE927E7A58E0077CB34 = {
			isa = PBXGroup;
			children = (
				AAADCCF427E7A58E0077CB34 /* Music2 */,
				AAADCD0E27E7A5910077CB34 /* Music2Tests */,
				AAADCD1827E7A5920077CB34 /* Music2UITests */,
				AAADCCF327E7A58E0077CB34 /* Products */,
				B81ECEA1BB35ACCCD708534D /* Pods */,
				641EC123B813413A39BC5924 /* Frameworks */,
			);
			sourceTree = "<group>";
		};
		AAADCCF327E7A58E0077CB34 /* Products */ = {
			isa = PBXGroup;
			children = (
				AAADCCF227E7A58E0077CB34 /* Music2.app */,
				AAADCD0B27E7A5910077CB34 /* Music2Tests.xctest */,
				AAADCD1527E7A5920077CB34 /* Music2UITests.xctest */,
			);
			name = Products;
			sourceTree = "<group>";
		};
		AAADCCF427E7A58E0077CB34 /* Music2 */ = {
			isa = PBXGroup;
			children = (
				AAADCD3B27E810F40077CB34 /* Music2.entitlements */,
				EEC7BF2327E7B3E700A882F6 /* Assets */,
				EE145246280FC075009EC85B /* Storyboard */,
				EEC7BF2027E7B3B000A882F6 /* View Controllers */,
				EEC7BF2227E7B3C900A882F6 /* Delegates */,
				AAADCD0127E7A5910077CB34 /* Assets.xcassets */,
				AAADCD0627E7A5910077CB34 /* Info.plist */,
				AAADCCFE27E7A58E0077CB34 /* Music2.xcdatamodeld */,
			);
			path = Music2;
			sourceTree = "<group>";
		};
		AAADCD0E27E7A5910077CB34 /* Music2Tests */ = {
			isa = PBXGroup;
			children = (
				AAADCD0F27E7A5910077CB34 /* Music2Tests.swift */,
			);
			path = Music2Tests;
			sourceTree = "<group>";
		};
		AAADCD1827E7A5920077CB34 /* Music2UITests */ = {
			isa = PBXGroup;
			children = (
				AAADCD1927E7A5920077CB34 /* Music2UITests.swift */,
				AAADCD1B27E7A5920077CB34 /* Music2UITestsLaunchTests.swift */,
			);
			path = Music2UITests;
			sourceTree = "<group>";
		};
		B81ECEA1BB35ACCCD708534D /* Pods */ = {
			isa = PBXGroup;
			children = (
				D82320016FA93CDA8DD8982F /* Pods-Music2.debug.xcconfig */,
				14F46E7531E9CB6B79A5F752 /* Pods-Music2.release.xcconfig */,
				8F9BD356DFCD64B7DEDD61AB /* Pods-Music2-Music2UITests.debug.xcconfig */,
				0D1143DE614A96CA28BC69C6 /* Pods-Music2-Music2UITests.release.xcconfig */,
				8CA0D52791760A124B66C52F /* Pods-Music2Tests.debug.xcconfig */,
				7C461D8C7C192D7BAF4F7731 /* Pods-Music2Tests.release.xcconfig */,
			);
			path = Pods;
			sourceTree = "<group>";
		};
		EE145240280FC006009EC85B /* Profile */ = {
			isa = PBXGroup;
			children = (
				EE9B592E2814B52A0031635E /* cells */,
				254427EB27EE7D5A008198D1 /* profileViewController.swift */,
				25741ED628060B3E00C5FB23 /* editViewController.swift */,
				25E218FB2811D4560077ABC3 /* songViewController.swift */,
			);
			path = Profile;
			sourceTree = "<group>";
		};
		EE145241280FC034009EC85B /* Post */ = {
			isa = PBXGroup;
			children = (
				EE9B592C2814B5110031635E /* cells */,
				25C42D5527E7FD7300C9C14A /* postViewController.swift */,
			);
			path = Post;
			sourceTree = "<group>";
		};
		EE145242280FC041009EC85B /* Home */ = {
			isa = PBXGroup;
			children = (
				EE9B592D2814B51A0031635E /* cells */,
				EEC7BF3227E7E81D00A882F6 /* HomeViewController.swift */,
				25E218F72811D41F0077ABC3 /* homeCommentsViewController.swift */,
				EE31F0A22820566C00C06F8F /* otherUsers */,
			);
			path = Home;
			sourceTree = "<group>";
		};
		EE145243280FC047009EC85B /* Music Videos */ = {
			isa = PBXGroup;
			children = (
				EE9B592B2814B4FB0031635E /* cells */,
				EEC7BF3027E7E7F200A882F6 /* MusicVideosViewController.swift */,
				25F1E5722805EAD600B891DF /* videoCommentsViewController.swift */,
				EE28469B27F3B15300633677 /* PlayerViewClass.swift */,
			);
			path = "Music Videos";
			sourceTree = "<group>";
		};
		EE145245280FC061009EC85B /* Intro and Sign in */ = {
			isa = PBXGroup;
			children = (
				AAADCD3C27E811BC0077CB34 /* UserStruct.swift */,
				EEC7BF2A27E7B46700A882F6 /* signInViewController.swift */,
				AAADCD8827F26FE80077CB34 /* swipeViewController.swift */,
				25F1E56E2802318000B891DF /* welcomeViewController.swift */,
			);
			path = "Intro and Sign in";
			sourceTree = "<group>";
		};
		EE145246280FC075009EC85B /* Storyboard */ = {
			isa = PBXGroup;
			children = (
				AAADCCFB27E7A58E0077CB34 /* Main.storyboard */,
				AAADCD0327E7A5910077CB34 /* LaunchScreen.storyboard */,
			);
			path = Storyboard;
			sourceTree = "<group>";
		};
		EE31F0A22820566C00C06F8F /* otherUsers */ = {
			isa = PBXGroup;
			children = (
				EE31F0A3282056C000C06F8F /* cells */,
				25E218F92811D4310077ABC3 /* userProfileViewController.swift */,
			);
			path = otherUsers;
			sourceTree = "<group>";
		};
		EE31F0A3282056C000C06F8F /* cells */ = {
			isa = PBXGroup;
			children = (
				EE31F0A02820565D00C06F8F /* UsersGenresCollectionViewCell.swift */,
				EE31F0A62820689100C06F8F /* PostsCollectionViewCell.swift */,
			);
			path = cells;
			sourceTree = "<group>";
		};
		EE9B592B2814B4FB0031635E /* cells */ = {
			isa = PBXGroup;
			children = (
				EEA6BD2A2806354400E04300 /* videoCommentCell.swift */,
				EEC7BF3427E7E8BB00A882F6 /* MusicVideosCell.swift */,
			);
			path = cells;
			sourceTree = "<group>";
		};
		EE9B592C2814B5110031635E /* cells */ = {
			isa = PBXGroup;
			children = (
				EE380F2827FA6B2900ADF3A1 /* DropDownCell.swift */,
				EE380F2927FA6B2900ADF3A1 /* DropDownCell.xib */,
				EE3131D32813208F00F023F7 /* PostScreenCell.swift */,
			);
			path = cells;
			sourceTree = "<group>";
		};
		EE9B592D2814B51A0031635E /* cells */ = {
			isa = PBXGroup;
			children = (
				EEC7BF3627E7F22700A882F6 /* HomeCell.swift */,
				AA92D16D281B5A5600BE2BFB /* HomeCommentCell.swift */,
			);
			path = cells;
			sourceTree = "<group>";
		};
		EE9B592E2814B52A0031635E /* cells */ = {
			isa = PBXGroup;
			children = (
				254427ED27EE7F7A008198D1 /* genreCollectionViewCell.swift */,
				254427EF27EE7F8A008198D1 /* postsCollectionViewCell.swift */,
			);
			path = cells;
			sourceTree = "<group>";
		};
		EEC7BF2027E7B3B000A882F6 /* View Controllers */ = {
			isa = PBXGroup;
			children = (
				EE145245280FC061009EC85B /* Intro and Sign in */,
				EE145243280FC047009EC85B /* Music Videos */,
				EE145242280FC041009EC85B /* Home */,
				EE145241280FC034009EC85B /* Post */,
				EE145240280FC006009EC85B /* Profile */,
			);
			path = "View Controllers";
			sourceTree = "<group>";
		};
		EEC7BF2227E7B3C900A882F6 /* Delegates */ = {
			isa = PBXGroup;
			children = (
				AAADCCF527E7A58E0077CB34 /* AppDelegate.swift */,
				AAADCCF727E7A58E0077CB34 /* SceneDelegate.swift */,
			);
			path = Delegates;
			sourceTree = "<group>";
		};
		EEC7BF2327E7B3E700A882F6 /* Assets */ = {
			isa = PBXGroup;
			children = (
				EEC7BF2527E7B40200A882F6 /* logo.png */,
				EEC7BF2627E7B40200A882F6 /* love.png */,
				EEC7BF2427E7B40100A882F6 /* message.png */,
				EE9507D727EFBEE90098FD6C /* rock.png */,
			);
			path = Assets;
			sourceTree = "<group>";
		};
/* End PBXGroup section */

/* Begin PBXNativeTarget section */
		AAADCCF127E7A58E0077CB34 /* Music2 */ = {
			isa = PBXNativeTarget;
			buildConfigurationList = AAADCD1F27E7A5920077CB34 /* Build configuration list for PBXNativeTarget "Music2" */;
			buildPhases = (
				367C035D4AF4155B85264B25 /* [CP] Check Pods Manifest.lock */,
				AAADCCEE27E7A58E0077CB34 /* Sources */,
				AAADCCEF27E7A58E0077CB34 /* Frameworks */,
				AAADCCF027E7A58E0077CB34 /* Resources */,
				7E9328CF2457633B318E17A5 /* [CP] Embed Pods Frameworks */,
			);
			buildRules = (
			);
			dependencies = (
			);
			name = Music2;
			packageProductDependencies = (
				EE72603627F0F4100083A171 /* AlamofireImage */,
			);
			productName = Music2;
			productReference = AAADCCF227E7A58E0077CB34 /* Music2.app */;
			productType = "com.apple.product-type.application";
		};
		AAADCD0A27E7A5910077CB34 /* Music2Tests */ = {
			isa = PBXNativeTarget;
			buildConfigurationList = AAADCD2227E7A5920077CB34 /* Build configuration list for PBXNativeTarget "Music2Tests" */;
			buildPhases = (
				3C47127B046CC298FC996D41 /* [CP] Check Pods Manifest.lock */,
				AAADCD0727E7A5910077CB34 /* Sources */,
				AAADCD0827E7A5910077CB34 /* Frameworks */,
				AAADCD0927E7A5910077CB34 /* Resources */,
			);
			buildRules = (
			);
			dependencies = (
				AAADCD0D27E7A5910077CB34 /* PBXTargetDependency */,
			);
			name = Music2Tests;
			productName = Music2Tests;
			productReference = AAADCD0B27E7A5910077CB34 /* Music2Tests.xctest */;
			productType = "com.apple.product-type.bundle.unit-test";
		};
		AAADCD1427E7A5920077CB34 /* Music2UITests */ = {
			isa = PBXNativeTarget;
			buildConfigurationList = AAADCD2527E7A5920077CB34 /* Build configuration list for PBXNativeTarget "Music2UITests" */;
			buildPhases = (
				7F0701ACBBAE5E9D41DE0B9E /* [CP] Check Pods Manifest.lock */,
				AAADCD1127E7A5920077CB34 /* Sources */,
				AAADCD1227E7A5920077CB34 /* Frameworks */,
				AAADCD1327E7A5920077CB34 /* Resources */,
				7F0DE6CB62D3D59CEE117B9D /* [CP] Embed Pods Frameworks */,
			);
			buildRules = (
			);
			dependencies = (
				AAADCD1727E7A5920077CB34 /* PBXTargetDependency */,
			);
			name = Music2UITests;
			productName = Music2UITests;
			productReference = AAADCD1527E7A5920077CB34 /* Music2UITests.xctest */;
			productType = "com.apple.product-type.bundle.ui-testing";
		};
/* End PBXNativeTarget section */

/* Begin PBXProject section */
		AAADCCEA27E7A58E0077CB34 /* Project object */ = {
			isa = PBXProject;
			attributes = {
				BuildIndependentTargetsInParallel = 1;
				LastSwiftUpdateCheck = 1330;
				LastUpgradeCheck = 1330;
				TargetAttributes = {
					AAADCCF127E7A58E0077CB34 = {
						CreatedOnToolsVersion = 13.3;
					};
					AAADCD0A27E7A5910077CB34 = {
						CreatedOnToolsVersion = 13.3;
						TestTargetID = AAADCCF127E7A58E0077CB34;
					};
					AAADCD1427E7A5920077CB34 = {
						CreatedOnToolsVersion = 13.3;
						TestTargetID = AAADCCF127E7A58E0077CB34;
					};
				};
			};
			buildConfigurationList = AAADCCED27E7A58E0077CB34 /* Build configuration list for PBXProject "Music2" */;
			compatibilityVersion = "Xcode 13.0";
			developmentRegion = en;
			hasScannedForEncodings = 0;
			knownRegions = (
				en,
				Base,
			);
			mainGroup = AAADCCE927E7A58E0077CB34;
			packageReferences = (
				EE72603527F0F4100083A171 /* XCRemoteSwiftPackageReference "AlamofireImage" */,
			);
			productRefGroup = AAADCCF327E7A58E0077CB34 /* Products */;
			projectDirPath = "";
			projectRoot = "";
			targets = (
				AAADCCF127E7A58E0077CB34 /* Music2 */,
				AAADCD0A27E7A5910077CB34 /* Music2Tests */,
				AAADCD1427E7A5920077CB34 /* Music2UITests */,
			);
		};
/* End PBXProject section */

/* Begin PBXResourcesBuildPhase section */
		AAADCCF027E7A58E0077CB34 /* Resources */ = {
			isa = PBXResourcesBuildPhase;
			buildActionMask = 2147483647;
			files = (
				AAADCD0527E7A5910077CB34 /* LaunchScreen.storyboard in Resources */,
				EEC7BF2827E7B40200A882F6 /* logo.png in Resources */,
				EE9507D827EFBEE90098FD6C /* rock.png in Resources */,
				EE380F2B27FA6B2900ADF3A1 /* DropDownCell.xib in Resources */,
				AAADCD0227E7A5910077CB34 /* Assets.xcassets in Resources */,
				AAADCCFD27E7A58E0077CB34 /* Main.storyboard in Resources */,
				EEC7BF2727E7B40200A882F6 /* message.png in Resources */,
				EEC7BF2927E7B40200A882F6 /* love.png in Resources */,
			);
			runOnlyForDeploymentPostprocessing = 0;
		};
		AAADCD0927E7A5910077CB34 /* Resources */ = {
			isa = PBXResourcesBuildPhase;
			buildActionMask = 2147483647;
			files = (
			);
			runOnlyForDeploymentPostprocessing = 0;
		};
		AAADCD1327E7A5920077CB34 /* Resources */ = {
			isa = PBXResourcesBuildPhase;
			buildActionMask = 2147483647;
			files = (
			);
			runOnlyForDeploymentPostprocessing = 0;
		};
/* End PBXResourcesBuildPhase section */

/* Begin PBXShellScriptBuildPhase section */
		367C035D4AF4155B85264B25 /* [CP] Check Pods Manifest.lock */ = {
			isa = PBXShellScriptBuildPhase;
			buildActionMask = 2147483647;
			files = (
			);
			inputFileListPaths = (
			);
			inputPaths = (
				"${PODS_PODFILE_DIR_PATH}/Podfile.lock",
				"${PODS_ROOT}/Manifest.lock",
			);
			name = "[CP] Check Pods Manifest.lock";
			outputFileListPaths = (
			);
			outputPaths = (
				"$(DERIVED_FILE_DIR)/Pods-Music2-checkManifestLockResult.txt",
			);
			runOnlyForDeploymentPostprocessing = 0;
			shellPath = /bin/sh;
			shellScript = "diff \"${PODS_PODFILE_DIR_PATH}/Podfile.lock\" \"${PODS_ROOT}/Manifest.lock\" > /dev/null\nif [ $? != 0 ] ; then\n    # print error to STDERR\n    echo \"error: The sandbox is not in sync with the Podfile.lock. Run 'pod install' or update your CocoaPods installation.\" >&2\n    exit 1\nfi\n# This output is used by Xcode 'outputs' to avoid re-running this script phase.\necho \"SUCCESS\" > \"${SCRIPT_OUTPUT_FILE_0}\"\n";
			showEnvVarsInLog = 0;
		};
		3C47127B046CC298FC996D41 /* [CP] Check Pods Manifest.lock */ = {
			isa = PBXShellScriptBuildPhase;
			buildActionMask = 2147483647;
			files = (
			);
			inputFileListPaths = (
			);
			inputPaths = (
				"${PODS_PODFILE_DIR_PATH}/Podfile.lock",
				"${PODS_ROOT}/Manifest.lock",
			);
			name = "[CP] Check Pods Manifest.lock";
			outputFileListPaths = (
			);
			outputPaths = (
				"$(DERIVED_FILE_DIR)/Pods-Music2Tests-checkManifestLockResult.txt",
			);
			runOnlyForDeploymentPostprocessing = 0;
			shellPath = /bin/sh;
			shellScript = "diff \"${PODS_PODFILE_DIR_PATH}/Podfile.lock\" \"${PODS_ROOT}/Manifest.lock\" > /dev/null\nif [ $? != 0 ] ; then\n    # print error to STDERR\n    echo \"error: The sandbox is not in sync with the Podfile.lock. Run 'pod install' or update your CocoaPods installation.\" >&2\n    exit 1\nfi\n# This output is used by Xcode 'outputs' to avoid re-running this script phase.\necho \"SUCCESS\" > \"${SCRIPT_OUTPUT_FILE_0}\"\n";
			showEnvVarsInLog = 0;
		};
		7E9328CF2457633B318E17A5 /* [CP] Embed Pods Frameworks */ = {
			isa = PBXShellScriptBuildPhase;
			buildActionMask = 2147483647;
			files = (
			);
			inputFileListPaths = (
				"${PODS_ROOT}/Target Support Files/Pods-Music2/Pods-Music2-frameworks-${CONFIGURATION}-input-files.xcfilelist",
			);
			name = "[CP] Embed Pods Frameworks";
			outputFileListPaths = (
				"${PODS_ROOT}/Target Support Files/Pods-Music2/Pods-Music2-frameworks-${CONFIGURATION}-output-files.xcfilelist",
			);
			runOnlyForDeploymentPostprocessing = 0;
			shellPath = /bin/sh;
			shellScript = "\"${PODS_ROOT}/Target Support Files/Pods-Music2/Pods-Music2-frameworks.sh\"\n";
			showEnvVarsInLog = 0;
		};
		7F0701ACBBAE5E9D41DE0B9E /* [CP] Check Pods Manifest.lock */ = {
			isa = PBXShellScriptBuildPhase;
			buildActionMask = 2147483647;
			files = (
			);
			inputFileListPaths = (
			);
			inputPaths = (
				"${PODS_PODFILE_DIR_PATH}/Podfile.lock",
				"${PODS_ROOT}/Manifest.lock",
			);
			name = "[CP] Check Pods Manifest.lock";
			outputFileListPaths = (
			);
			outputPaths = (
				"$(DERIVED_FILE_DIR)/Pods-Music2-Music2UITests-checkManifestLockResult.txt",
			);
			runOnlyForDeploymentPostprocessing = 0;
			shellPath = /bin/sh;
			shellScript = "diff \"${PODS_PODFILE_DIR_PATH}/Podfile.lock\" \"${PODS_ROOT}/Manifest.lock\" > /dev/null\nif [ $? != 0 ] ; then\n    # print error to STDERR\n    echo \"error: The sandbox is not in sync with the Podfile.lock. Run 'pod install' or update your CocoaPods installation.\" >&2\n    exit 1\nfi\n# This output is used by Xcode 'outputs' to avoid re-running this script phase.\necho \"SUCCESS\" > \"${SCRIPT_OUTPUT_FILE_0}\"\n";
			showEnvVarsInLog = 0;
		};
		7F0DE6CB62D3D59CEE117B9D /* [CP] Embed Pods Frameworks */ = {
			isa = PBXShellScriptBuildPhase;
			buildActionMask = 2147483647;
			files = (
			);
			inputFileListPaths = (
				"${PODS_ROOT}/Target Support Files/Pods-Music2-Music2UITests/Pods-Music2-Music2UITests-frameworks-${CONFIGURATION}-input-files.xcfilelist",
			);
			name = "[CP] Embed Pods Frameworks";
			outputFileListPaths = (
				"${PODS_ROOT}/Target Support Files/Pods-Music2-Music2UITests/Pods-Music2-Music2UITests-frameworks-${CONFIGURATION}-output-files.xcfilelist",
			);
			runOnlyForDeploymentPostprocessing = 0;
			shellPath = /bin/sh;
			shellScript = "\"${PODS_ROOT}/Target Support Files/Pods-Music2-Music2UITests/Pods-Music2-Music2UITests-frameworks.sh\"\n";
			showEnvVarsInLog = 0;
		};
/* End PBXShellScriptBuildPhase section */

/* Begin PBXSourcesBuildPhase section */
		AAADCCEE27E7A58E0077CB34 /* Sources */ = {
			isa = PBXSourcesBuildPhase;
			buildActionMask = 2147483647;
			files = (
				25741ED828060B3E00C5FB23 /* editViewController.swift in Sources */,
				25E218FC2811D4560077ABC3 /* songViewController.swift in Sources */,
				25E218FA2811D4310077ABC3 /* userProfileViewController.swift in Sources */,
				EE28469C27F3B15300633677 /* PlayerViewClass.swift in Sources */,
				EEA6BD2B2806354400E04300 /* videoCommentCell.swift in Sources */,
				EE380F2A27FA6B2900ADF3A1 /* DropDownCell.swift in Sources */,
				EEC7BF3127E7E7F200A882F6 /* MusicVideosViewController.swift in Sources */,
				25C42D5627E7FD7300C9C14A /* postViewController.swift in Sources */,
				254427EE27EE7F7A008198D1 /* genreCollectionViewCell.swift in Sources */,
				AA92D16E281B5A5600BE2BFB /* HomeCommentCell.swift in Sources */,
				25F1E56F2802318000B891DF /* welcomeViewController.swift in Sources */,
				AAADCD8927F26FE80077CB34 /* swipeViewController.swift in Sources */,
				EEC7BF3327E7E81D00A882F6 /* HomeViewController.swift in Sources */,
				254427EC27EE7D5A008198D1 /* profileViewController.swift in Sources */,
				EE3131D42813208F00F023F7 /* PostScreenCell.swift in Sources */,
				EEC7BF3727E7F22700A882F6 /* HomeCell.swift in Sources */,
				254427F027EE7F8A008198D1 /* postsCollectionViewCell.swift in Sources */,
				EEC7BF2B27E7B46700A882F6 /* signInViewController.swift in Sources */,
				AAADCD3D27E811BC0077CB34 /* UserStruct.swift in Sources */,
				EEC7BF3527E7E8BB00A882F6 /* MusicVideosCell.swift in Sources */,
				25F1E5732805EAD600B891DF /* videoCommentsViewController.swift in Sources */,
				25E218F82811D41F0077ABC3 /* homeCommentsViewController.swift in Sources */,
				AAADCCF627E7A58E0077CB34 /* AppDelegate.swift in Sources */,
				AAADCD0027E7A58E0077CB34 /* Music2.xcdatamodeld in Sources */,
				AAADCCF827E7A58E0077CB34 /* SceneDelegate.swift in Sources */,
				EE31F0A12820565D00C06F8F /* UsersGenresCollectionViewCell.swift in Sources */,
				EE31F0A72820689100C06F8F /* PostsCollectionViewCell.swift in Sources */,
			);
			runOnlyForDeploymentPostprocessing = 0;
		};
		AAADCD0727E7A5910077CB34 /* Sources */ = {
			isa = PBXSourcesBuildPhase;
			buildActionMask = 2147483647;
			files = (
				AAADCD1027E7A5910077CB34 /* Music2Tests.swift in Sources */,
			);
			runOnlyForDeploymentPostprocessing = 0;
		};
		AAADCD1127E7A5920077CB34 /* Sources */ = {
			isa = PBXSourcesBuildPhase;
			buildActionMask = 2147483647;
			files = (
				AAADCD1A27E7A5920077CB34 /* Music2UITests.swift in Sources */,
				AAADCD1C27E7A5920077CB34 /* Music2UITestsLaunchTests.swift in Sources */,
			);
			runOnlyForDeploymentPostprocessing = 0;
		};
/* End PBXSourcesBuildPhase section */

/* Begin PBXTargetDependency section */
		AAADCD0D27E7A5910077CB34 /* PBXTargetDependency */ = {
			isa = PBXTargetDependency;
			target = AAADCCF127E7A58E0077CB34 /* Music2 */;
			targetProxy = AAADCD0C27E7A5910077CB34 /* PBXContainerItemProxy */;
		};
		AAADCD1727E7A5920077CB34 /* PBXTargetDependency */ = {
			isa = PBXTargetDependency;
			target = AAADCCF127E7A58E0077CB34 /* Music2 */;
			targetProxy = AAADCD1627E7A5920077CB34 /* PBXContainerItemProxy */;
		};
/* End PBXTargetDependency section */

/* Begin PBXVariantGroup section */
		AAADCCFB27E7A58E0077CB34 /* Main.storyboard */ = {
			isa = PBXVariantGroup;
			children = (
				AAADCCFC27E7A58E0077CB34 /* Base */,
			);
			name = Main.storyboard;
			sourceTree = "<group>";
		};
		AAADCD0327E7A5910077CB34 /* LaunchScreen.storyboard */ = {
			isa = PBXVariantGroup;
			children = (
				AAADCD0427E7A5910077CB34 /* Base */,
			);
			name = LaunchScreen.storyboard;
			sourceTree = "<group>";
		};
/* End PBXVariantGroup section */

/* Begin XCBuildConfiguration section */
		AAADCD1D27E7A5920077CB34 /* Debug */ = {
			isa = XCBuildConfiguration;
			buildSettings = {
				ALWAYS_SEARCH_USER_PATHS = NO;
				CLANG_ANALYZER_NONNULL = YES;
				CLANG_ANALYZER_NUMBER_OBJECT_CONVERSION = YES_AGGRESSIVE;
				CLANG_CXX_LANGUAGE_STANDARD = "gnu++17";
				CLANG_ENABLE_MODULES = YES;
				CLANG_ENABLE_OBJC_ARC = YES;
				CLANG_ENABLE_OBJC_WEAK = YES;
				CLANG_WARN_BLOCK_CAPTURE_AUTORELEASING = YES;
				CLANG_WARN_BOOL_CONVERSION = YES;
				CLANG_WARN_COMMA = YES;
				CLANG_WARN_CONSTANT_CONVERSION = YES;
				CLANG_WARN_DEPRECATED_OBJC_IMPLEMENTATIONS = YES;
				CLANG_WARN_DIRECT_OBJC_ISA_USAGE = YES_ERROR;
				CLANG_WARN_DOCUMENTATION_COMMENTS = YES;
				CLANG_WARN_EMPTY_BODY = YES;
				CLANG_WARN_ENUM_CONVERSION = YES;
				CLANG_WARN_INFINITE_RECURSION = YES;
				CLANG_WARN_INT_CONVERSION = YES;
				CLANG_WARN_NON_LITERAL_NULL_CONVERSION = YES;
				CLANG_WARN_OBJC_IMPLICIT_RETAIN_SELF = YES;
				CLANG_WARN_OBJC_LITERAL_CONVERSION = YES;
				CLANG_WARN_OBJC_ROOT_CLASS = YES_ERROR;
				CLANG_WARN_QUOTED_INCLUDE_IN_FRAMEWORK_HEADER = YES;
				CLANG_WARN_RANGE_LOOP_ANALYSIS = YES;
				CLANG_WARN_STRICT_PROTOTYPES = YES;
				CLANG_WARN_SUSPICIOUS_MOVE = YES;
				CLANG_WARN_UNGUARDED_AVAILABILITY = YES_AGGRESSIVE;
				CLANG_WARN_UNREACHABLE_CODE = YES;
				CLANG_WARN__DUPLICATE_METHOD_MATCH = YES;
				COPY_PHASE_STRIP = NO;
				DEBUG_INFORMATION_FORMAT = dwarf;
				ENABLE_STRICT_OBJC_MSGSEND = YES;
				ENABLE_TESTABILITY = YES;
				GCC_C_LANGUAGE_STANDARD = gnu11;
				GCC_DYNAMIC_NO_PIC = NO;
				GCC_NO_COMMON_BLOCKS = YES;
				GCC_OPTIMIZATION_LEVEL = 0;
				GCC_PREPROCESSOR_DEFINITIONS = (
					"DEBUG=1",
					"$(inherited)",
				);
				GCC_WARN_64_TO_32_BIT_CONVERSION = YES;
				GCC_WARN_ABOUT_RETURN_TYPE = YES_ERROR;
				GCC_WARN_UNDECLARED_SELECTOR = YES;
				GCC_WARN_UNINITIALIZED_AUTOS = YES_AGGRESSIVE;
				GCC_WARN_UNUSED_FUNCTION = YES;
				GCC_WARN_UNUSED_VARIABLE = YES;
				IPHONEOS_DEPLOYMENT_TARGET = 13.0;
				MTL_ENABLE_DEBUG_INFO = INCLUDE_SOURCE;
				MTL_FAST_MATH = YES;
				ONLY_ACTIVE_ARCH = YES;
				SDKROOT = iphoneos;
				SWIFT_ACTIVE_COMPILATION_CONDITIONS = DEBUG;
				SWIFT_OPTIMIZATION_LEVEL = "-Onone";
			};
			name = Debug;
		};
		AAADCD1E27E7A5920077CB34 /* Release */ = {
			isa = XCBuildConfiguration;
			buildSettings = {
				ALWAYS_SEARCH_USER_PATHS = NO;
				CLANG_ANALYZER_NONNULL = YES;
				CLANG_ANALYZER_NUMBER_OBJECT_CONVERSION = YES_AGGRESSIVE;
				CLANG_CXX_LANGUAGE_STANDARD = "gnu++17";
				CLANG_ENABLE_MODULES = YES;
				CLANG_ENABLE_OBJC_ARC = YES;
				CLANG_ENABLE_OBJC_WEAK = YES;
				CLANG_WARN_BLOCK_CAPTURE_AUTORELEASING = YES;
				CLANG_WARN_BOOL_CONVERSION = YES;
				CLANG_WARN_COMMA = YES;
				CLANG_WARN_CONSTANT_CONVERSION = YES;
				CLANG_WARN_DEPRECATED_OBJC_IMPLEMENTATIONS = YES;
				CLANG_WARN_DIRECT_OBJC_ISA_USAGE = YES_ERROR;
				CLANG_WARN_DOCUMENTATION_COMMENTS = YES;
				CLANG_WARN_EMPTY_BODY = YES;
				CLANG_WARN_ENUM_CONVERSION = YES;
				CLANG_WARN_INFINITE_RECURSION = YES;
				CLANG_WARN_INT_CONVERSION = YES;
				CLANG_WARN_NON_LITERAL_NULL_CONVERSION = YES;
				CLANG_WARN_OBJC_IMPLICIT_RETAIN_SELF = YES;
				CLANG_WARN_OBJC_LITERAL_CONVERSION = YES;
				CLANG_WARN_OBJC_ROOT_CLASS = YES_ERROR;
				CLANG_WARN_QUOTED_INCLUDE_IN_FRAMEWORK_HEADER = YES;
				CLANG_WARN_RANGE_LOOP_ANALYSIS = YES;
				CLANG_WARN_STRICT_PROTOTYPES = YES;
				CLANG_WARN_SUSPICIOUS_MOVE = YES;
				CLANG_WARN_UNGUARDED_AVAILABILITY = YES_AGGRESSIVE;
				CLANG_WARN_UNREACHABLE_CODE = YES;
				CLANG_WARN__DUPLICATE_METHOD_MATCH = YES;
				COPY_PHASE_STRIP = NO;
				DEBUG_INFORMATION_FORMAT = "dwarf-with-dsym";
				ENABLE_NS_ASSERTIONS = NO;
				ENABLE_STRICT_OBJC_MSGSEND = YES;
				GCC_C_LANGUAGE_STANDARD = gnu11;
				GCC_NO_COMMON_BLOCKS = YES;
				GCC_WARN_64_TO_32_BIT_CONVERSION = YES;
				GCC_WARN_ABOUT_RETURN_TYPE = YES_ERROR;
				GCC_WARN_UNDECLARED_SELECTOR = YES;
				GCC_WARN_UNINITIALIZED_AUTOS = YES_AGGRESSIVE;
				GCC_WARN_UNUSED_FUNCTION = YES;
				GCC_WARN_UNUSED_VARIABLE = YES;
				IPHONEOS_DEPLOYMENT_TARGET = 13.0;
				MTL_ENABLE_DEBUG_INFO = NO;
				MTL_FAST_MATH = YES;
				SDKROOT = iphoneos;
				SWIFT_COMPILATION_MODE = wholemodule;
				SWIFT_OPTIMIZATION_LEVEL = "-O";
				VALIDATE_PRODUCT = YES;
			};
			name = Release;
		};
		AAADCD2027E7A5920077CB34 /* Debug */ = {
			isa = XCBuildConfiguration;
			baseConfigurationReference = D82320016FA93CDA8DD8982F /* Pods-Music2.debug.xcconfig */;
			buildSettings = {
				ASSETCATALOG_COMPILER_APPICON_NAME = AppIcon;
				ASSETCATALOG_COMPILER_GLOBAL_ACCENT_COLOR_NAME = AccentColor;
				CODE_SIGN_ENTITLEMENTS = Music2/Music2.entitlements;
				CODE_SIGN_STYLE = Automatic;
				CURRENT_PROJECT_VERSION = 1;
				DEVELOPMENT_TEAM = 4VS3XAPXTV;
				GENERATE_INFOPLIST_FILE = YES;
				INFOPLIST_FILE = Music2/Info.plist;
				INFOPLIST_KEY_UIApplicationSupportsIndirectInputEvents = YES;
				INFOPLIST_KEY_UILaunchStoryboardName = LaunchScreen;
				INFOPLIST_KEY_UIMainStoryboardFile = Main;
				INFOPLIST_KEY_UISupportedInterfaceOrientations_iPad = "UIInterfaceOrientationPortrait UIInterfaceOrientationPortraitUpsideDown UIInterfaceOrientationLandscapeLeft UIInterfaceOrientationLandscapeRight";
				INFOPLIST_KEY_UISupportedInterfaceOrientations_iPhone = "UIInterfaceOrientationPortrait UIInterfaceOrientationLandscapeLeft UIInterfaceOrientationLandscapeRight";
				IPHONEOS_DEPLOYMENT_TARGET = 13.0;
				LD_RUNPATH_SEARCH_PATHS = (
					"$(inherited)",
					"@executable_path/Frameworks",
				);
				MARKETING_VERSION = 1.0;
				PRODUCT_BUNDLE_IDENTIFIER = com.3BrainCells.Music2;
				PRODUCT_NAME = "$(TARGET_NAME)";
				SWIFT_EMIT_LOC_STRINGS = YES;
				SWIFT_VERSION = 5.0;
				TARGETED_DEVICE_FAMILY = "1,2";
			};
			name = Debug;
		};
		AAADCD2127E7A5920077CB34 /* Release */ = {
			isa = XCBuildConfiguration;
			baseConfigurationReference = 14F46E7531E9CB6B79A5F752 /* Pods-Music2.release.xcconfig */;
			buildSettings = {
				ASSETCATALOG_COMPILER_APPICON_NAME = AppIcon;
				ASSETCATALOG_COMPILER_GLOBAL_ACCENT_COLOR_NAME = AccentColor;
				CODE_SIGN_ENTITLEMENTS = Music2/Music2.entitlements;
				CODE_SIGN_STYLE = Automatic;
				CURRENT_PROJECT_VERSION = 1;
				DEVELOPMENT_TEAM = 4VS3XAPXTV;
				GENERATE_INFOPLIST_FILE = YES;
				INFOPLIST_FILE = Music2/Info.plist;
				INFOPLIST_KEY_UIApplicationSupportsIndirectInputEvents = YES;
				INFOPLIST_KEY_UILaunchStoryboardName = LaunchScreen;
				INFOPLIST_KEY_UIMainStoryboardFile = Main;
				INFOPLIST_KEY_UISupportedInterfaceOrientations_iPad = "UIInterfaceOrientationPortrait UIInterfaceOrientationPortraitUpsideDown UIInterfaceOrientationLandscapeLeft UIInterfaceOrientationLandscapeRight";
				INFOPLIST_KEY_UISupportedInterfaceOrientations_iPhone = "UIInterfaceOrientationPortrait UIInterfaceOrientationLandscapeLeft UIInterfaceOrientationLandscapeRight";
				IPHONEOS_DEPLOYMENT_TARGET = 13.0;
				LD_RUNPATH_SEARCH_PATHS = (
					"$(inherited)",
					"@executable_path/Frameworks",
				);
				MARKETING_VERSION = 1.0;
				PRODUCT_BUNDLE_IDENTIFIER = com.3BrainCells.Music2;
				PRODUCT_NAME = "$(TARGET_NAME)";
				SWIFT_EMIT_LOC_STRINGS = YES;
				SWIFT_VERSION = 5.0;
				TARGETED_DEVICE_FAMILY = "1,2";
			};
			name = Release;
		};
		AAADCD2327E7A5920077CB34 /* Debug */ = {
			isa = XCBuildConfiguration;
			baseConfigurationReference = 8CA0D52791760A124B66C52F /* Pods-Music2Tests.debug.xcconfig */;
			buildSettings = {
				ALWAYS_EMBED_SWIFT_STANDARD_LIBRARIES = YES;
				BUNDLE_LOADER = "$(TEST_HOST)";
				CODE_SIGN_STYLE = Automatic;
				CURRENT_PROJECT_VERSION = 1;
				DEVELOPMENT_TEAM = 4VS3XAPXTV;
				GENERATE_INFOPLIST_FILE = YES;
				IPHONEOS_DEPLOYMENT_TARGET = 15.4;
				MARKETING_VERSION = 1.0;
				PRODUCT_BUNDLE_IDENTIFIER = com.3BrainCells.Music2Tests;
				PRODUCT_NAME = "$(TARGET_NAME)";
				SWIFT_EMIT_LOC_STRINGS = NO;
				SWIFT_VERSION = 5.0;
				TARGETED_DEVICE_FAMILY = "1,2";
				TEST_HOST = "$(BUILT_PRODUCTS_DIR)/Music2.app/Music2";
			};
			name = Debug;
		};
		AAADCD2427E7A5920077CB34 /* Release */ = {
			isa = XCBuildConfiguration;
			baseConfigurationReference = 7C461D8C7C192D7BAF4F7731 /* Pods-Music2Tests.release.xcconfig */;
			buildSettings = {
				ALWAYS_EMBED_SWIFT_STANDARD_LIBRARIES = YES;
				BUNDLE_LOADER = "$(TEST_HOST)";
				CODE_SIGN_STYLE = Automatic;
				CURRENT_PROJECT_VERSION = 1;
				DEVELOPMENT_TEAM = 4VS3XAPXTV;
				GENERATE_INFOPLIST_FILE = YES;
				IPHONEOS_DEPLOYMENT_TARGET = 15.4;
				MARKETING_VERSION = 1.0;
				PRODUCT_BUNDLE_IDENTIFIER = com.3BrainCells.Music2Tests;
				PRODUCT_NAME = "$(TARGET_NAME)";
				SWIFT_EMIT_LOC_STRINGS = NO;
				SWIFT_VERSION = 5.0;
				TARGETED_DEVICE_FAMILY = "1,2";
				TEST_HOST = "$(BUILT_PRODUCTS_DIR)/Music2.app/Music2";
			};
			name = Release;
		};
		AAADCD2627E7A5920077CB34 /* Debug */ = {
			isa = XCBuildConfiguration;
			baseConfigurationReference = 8F9BD356DFCD64B7DEDD61AB /* Pods-Music2-Music2UITests.debug.xcconfig */;
			buildSettings = {
				ALWAYS_EMBED_SWIFT_STANDARD_LIBRARIES = YES;
				CODE_SIGN_STYLE = Automatic;
				CURRENT_PROJECT_VERSION = 1;
				DEVELOPMENT_TEAM = 4VS3XAPXTV;
				GENERATE_INFOPLIST_FILE = YES;
				MARKETING_VERSION = 1.0;
				PRODUCT_BUNDLE_IDENTIFIER = com.3BrainCells.Music2UITests;
				PRODUCT_NAME = "$(TARGET_NAME)";
				SWIFT_EMIT_LOC_STRINGS = NO;
				SWIFT_VERSION = 5.0;
				TARGETED_DEVICE_FAMILY = "1,2";
				TEST_TARGET_NAME = Music2;
			};
			name = Debug;
		};
		AAADCD2727E7A5920077CB34 /* Release */ = {
			isa = XCBuildConfiguration;
			baseConfigurationReference = 0D1143DE614A96CA28BC69C6 /* Pods-Music2-Music2UITests.release.xcconfig */;
			buildSettings = {
				ALWAYS_EMBED_SWIFT_STANDARD_LIBRARIES = YES;
				CODE_SIGN_STYLE = Automatic;
				CURRENT_PROJECT_VERSION = 1;
				DEVELOPMENT_TEAM = 4VS3XAPXTV;
				GENERATE_INFOPLIST_FILE = YES;
				MARKETING_VERSION = 1.0;
				PRODUCT_BUNDLE_IDENTIFIER = com.3BrainCells.Music2UITests;
				PRODUCT_NAME = "$(TARGET_NAME)";
				SWIFT_EMIT_LOC_STRINGS = NO;
				SWIFT_VERSION = 5.0;
				TARGETED_DEVICE_FAMILY = "1,2";
				TEST_TARGET_NAME = Music2;
			};
			name = Release;
		};
/* End XCBuildConfiguration section */

/* Begin XCConfigurationList section */
		AAADCCED27E7A58E0077CB34 /* Build configuration list for PBXProject "Music2" */ = {
			isa = XCConfigurationList;
			buildConfigurations = (
				AAADCD1D27E7A5920077CB34 /* Debug */,
				AAADCD1E27E7A5920077CB34 /* Release */,
			);
			defaultConfigurationIsVisible = 0;
			defaultConfigurationName = Release;
		};
		AAADCD1F27E7A5920077CB34 /* Build configuration list for PBXNativeTarget "Music2" */ = {
			isa = XCConfigurationList;
			buildConfigurations = (
				AAADCD2027E7A5920077CB34 /* Debug */,
				AAADCD2127E7A5920077CB34 /* Release */,
			);
			defaultConfigurationIsVisible = 0;
			defaultConfigurationName = Release;
		};
		AAADCD2227E7A5920077CB34 /* Build configuration list for PBXNativeTarget "Music2Tests" */ = {
			isa = XCConfigurationList;
			buildConfigurations = (
				AAADCD2327E7A5920077CB34 /* Debug */,
				AAADCD2427E7A5920077CB34 /* Release */,
			);
			defaultConfigurationIsVisible = 0;
			defaultConfigurationName = Release;
		};
		AAADCD2527E7A5920077CB34 /* Build configuration list for PBXNativeTarget "Music2UITests" */ = {
			isa = XCConfigurationList;
			buildConfigurations = (
				AAADCD2627E7A5920077CB34 /* Debug */,
				AAADCD2727E7A5920077CB34 /* Release */,
			);
			defaultConfigurationIsVisible = 0;
			defaultConfigurationName = Release;
		};
/* End XCConfigurationList section */

/* Begin XCRemoteSwiftPackageReference section */
		EE72603527F0F4100083A171 /* XCRemoteSwiftPackageReference "AlamofireImage" */ = {
			isa = XCRemoteSwiftPackageReference;
			repositoryURL = "https://github.com/Alamofire/AlamofireImage";
			requirement = {
				kind = upToNextMajorVersion;
				minimumVersion = 4.0.0;
			};
		};
/* End XCRemoteSwiftPackageReference section */

/* Begin XCSwiftPackageProductDependency section */
		EE72603627F0F4100083A171 /* AlamofireImage */ = {
			isa = XCSwiftPackageProductDependency;
			package = EE72603527F0F4100083A171 /* XCRemoteSwiftPackageReference "AlamofireImage" */;
			productName = AlamofireImage;
		};
/* End XCSwiftPackageProductDependency section */

/* Begin XCVersionGroup section */
		AAADCCFE27E7A58E0077CB34 /* Music2.xcdatamodeld */ = {
			isa = XCVersionGroup;
			children = (
				AAADCCFF27E7A58E0077CB34 /* Music2.xcdatamodel */,
			);
			currentVersion = AAADCCFF27E7A58E0077CB34 /* Music2.xcdatamodel */;
			path = Music2.xcdatamodeld;
			sourceTree = "<group>";
			versionGroupType = wrapper.xcdatamodel;
		};
/* End XCVersionGroup section */
	};
	rootObject = AAADCCEA27E7A58E0077CB34 /* Project object */;
}
